// !$*UTF8*$!
{
	archiveVersion = 1;
	classes = {
	};
	objectVersion = 77;
	objects = {

/* Begin PBXContainerItemProxy section */
		A0E5654C2E92C19A00C27D2C /* PBXContainerItemProxy */ = {
			isa = PBXContainerItemProxy;
			containerPortal = A0E5652D2E92C19800C27D2C /* Project object */;
			proxyType = 1;
			remoteGlobalIDString = A0E565342E92C19800C27D2C;
			remoteInfo = "ChiangLucas-HW4";
		};
		A0E565562E92C19A00C27D2C /* PBXContainerItemProxy */ = {
			isa = PBXContainerItemProxy;
			containerPortal = A0E5652D2E92C19800C27D2C /* Project object */;
			proxyType = 1;
			remoteGlobalIDString = A0E565342E92C19800C27D2C;
			remoteInfo = "ChiangLucas-HW4";
		};
/* End PBXContainerItemProxy section */

/* Begin PBXFileReference section */
		A0E565352E92C19800C27D2C /* ChiangLucas-HW4.app */ = {isa = PBXFileReference; explicitFileType = wrapper.application; includeInIndex = 0; path = "ChiangLucas-HW4.app"; sourceTree = BUILT_PRODUCTS_DIR; };
		A0E5654B2E92C19A00C27D2C /* ChiangLucas-HW4Tests.xctest */ = {isa = PBXFileReference; explicitFileType = wrapper.cfbundle; includeInIndex = 0; path = "ChiangLucas-HW4Tests.xctest"; sourceTree = BUILT_PRODUCTS_DIR; };
		A0E565552E92C19A00C27D2C /* ChiangLucas-HW4UITests.xctest */ = {isa = PBXFileReference; explicitFileType = wrapper.cfbundle; includeInIndex = 0; path = "ChiangLucas-HW4UITests.xctest"; sourceTree = BUILT_PRODUCTS_DIR; };
/* End PBXFileReference section */

/* Begin PBXFileSystemSynchronizedBuildFileExceptionSet section */
		A0E5655D2E92C19A00C27D2C /* Exceptions for "ChiangLucas-HW4" folder in "ChiangLucas-HW4" target */ = {
			isa = PBXFileSystemSynchronizedBuildFileExceptionSet;
			membershipExceptions = (
				Info.plist,
			);
			target = A0E565342E92C19800C27D2C /* ChiangLucas-HW4 */;
		};
/* End PBXFileSystemSynchronizedBuildFileExceptionSet section */

/* Begin PBXFileSystemSynchronizedRootGroup section */
		A0E565372E92C19800C27D2C /* ChiangLucas-HW4 */ = {
			isa = PBXFileSystemSynchronizedRootGroup;
			exceptions = (
				A0E5655D2E92C19A00C27D2C /* Exceptions for "ChiangLucas-HW4" folder in "ChiangLucas-HW4" target */,
			);
			path = "ChiangLucas-HW4";
			sourceTree = "<group>";
		};
		A0E5654E2E92C19A00C27D2C /* ChiangLucas-HW4Tests */ = {
			isa = PBXFileSystemSynchronizedRootGroup;
			path = "ChiangLucas-HW4Tests";
			sourceTree = "<group>";
		};
		A0E565582E92C19A00C27D2C /* ChiangLucas-HW4UITests */ = {
			isa = PBXFileSystemSynchronizedRootGroup;
			path = "ChiangLucas-HW4UITests";
			sourceTree = "<group>";
		};
/* End PBXFileSystemSynchronizedRootGroup section */

/* Begin PBXFrameworksBuildPhase section */
		A0E565322E92C19800C27D2C /* Frameworks */ = {
			isa = PBXFrameworksBuildPhase;
			buildActionMask = 2147483647;
			files = (
			);
			runOnlyForDeploymentPostprocessing = 0;
		};
		A0E565482E92C19A00C27D2C /* Frameworks */ = {
			isa = PBXFrameworksBuildPhase;
			buildActionMask = 2147483647;
			files = (
			);
			runOnlyForDeploymentPostprocessing = 0;
		};
		A0E565522E92C19A00C27D2C /* Frameworks */ = {
			isa = PBXFrameworksBuildPhase;
			buildActionMask = 2147483647;
			files = (
			);
			runOnlyForDeploymentPostprocessing = 0;
		};
/* End PBXFrameworksBuildPhase section */

/* Begin PBXGroup section */
		A0E5652C2E92C19800C27D2C = {
			isa = PBXGroup;
			children = (
				A0E565372E92C19800C27D2C /* ChiangLucas-HW4 */,
				A0E5654E2E92C19A00C27D2C /* ChiangLucas-HW4Tests */,
				A0E565582E92C19A00C27D2C /* ChiangLucas-HW4UITests */,
				A0E565362E92C19800C27D2C /* Products */,
			);
			sourceTree = "<group>";
		};
		A0E565362E92C19800C27D2C /* Products */ = {
			isa = PBXGroup;
			children = (
				A0E565352E92C19800C27D2C /* ChiangLucas-HW4.app */,
				A0E5654B2E92C19A00C27D2C /* ChiangLucas-HW4Tests.xctest */,
				A0E565552E92C19A00C27D2C /* ChiangLucas-HW4UITests.xctest */,
			);
			name = Products;
			sourceTree = "<group>";
		};
/* End PBXGroup section */

/* Begin PBXNativeTarget section */
		A0E565342E92C19800C27D2C /* ChiangLucas-HW4 */ = {
			isa = PBXNativeTarget;
			buildConfigurationList = A0E5655E2E92C19A00C27D2C /* Build configuration list for PBXNativeTarget "ChiangLucas-HW4" */;
			buildPhases = (
				A0E565312E92C19800C27D2C /* Sources */,
				A0E565322E92C19800C27D2C /* Frameworks */,
				A0E565332E92C19800C27D2C /* Resources */,
			);
			buildRules = (
			);
			dependencies = (
			);
			fileSystemSynchronizedGroups = (
				A0E565372E92C19800C27D2C /* ChiangLucas-HW4 */,
			);
			name = "ChiangLucas-HW4";
			packageProductDependencies = (
			);
			productName = "ChiangLucas-HW4";
			productReference = A0E565352E92C19800C27D2C /* ChiangLucas-HW4.app */;
			productType = "com.apple.product-type.application";
		};
		A0E5654A2E92C19A00C27D2C /* ChiangLucas-HW4Tests */ = {
			isa = PBXNativeTarget;
			buildConfigurationList = A0E565632E92C19A00C27D2C /* Build configuration list for PBXNativeTarget "ChiangLucas-HW4Tests" */;
			buildPhases = (
				A0E565472E92C19A00C27D2C /* Sources */,
				A0E565482E92C19A00C27D2C /* Frameworks */,
				A0E565492E92C19A00C27D2C /* Resources */,
			);
			buildRules = (
			);
			dependencies = (
				A0E5654D2E92C19A00C27D2C /* PBXTargetDependency */,
			);
			fileSystemSynchronizedGroups = (
				A0E5654E2E92C19A00C27D2C /* ChiangLucas-HW4Tests */,
			);
			name = "ChiangLucas-HW4Tests";
			packageProductDependencies = (
			);
			productName = "ChiangLucas-HW4Tests";
			productReference = A0E5654B2E92C19A00C27D2C /* ChiangLucas-HW4Tests.xctest */;
			productType = "com.apple.product-type.bundle.unit-test";
		};
		A0E565542E92C19A00C27D2C /* ChiangLucas-HW4UITests */ = {
			isa = PBXNativeTarget;
			buildConfigurationList = A0E565662E92C19A00C27D2C /* Build configuration list for PBXNativeTarget "ChiangLucas-HW4UITests" */;
			buildPhases = (
				A0E565512E92C19A00C27D2C /* Sources */,
				A0E565522E92C19A00C27D2C /* Frameworks */,
				A0E565532E92C19A00C27D2C /* Resources */,
			);
			buildRules = (
			);
			dependencies = (
				A0E565572E92C19A00C27D2C /* PBXTargetDependency */,
			);
			fileSystemSynchronizedGroups = (
				A0E565582E92C19A00C27D2C /* ChiangLucas-HW4UITests */,
			);
			name = "ChiangLucas-HW4UITests";
			packageProductDependencies = (
			);
			productName = "ChiangLucas-HW4UITests";
			productReference = A0E565552E92C19A00C27D2C /* ChiangLucas-HW4UITests.xctest */;
			productType = "com.apple.product-type.bundle.ui-testing";
		};
/* End PBXNativeTarget section */

/* Begin PBXProject section */
		A0E5652D2E92C19800C27D2C /* Project object */ = {
			isa = PBXProject;
			attributes = {
				BuildIndependentTargetsInParallel = 1;
				LastSwiftUpdateCheck = 1640;
				LastUpgradeCheck = 1640;
				TargetAttributes = {
					A0E565342E92C19800C27D2C = {
						CreatedOnToolsVersion = 16.4;
					};
					A0E5654A2E92C19A00C27D2C = {
						CreatedOnToolsVersion = 16.4;
						TestTargetID = A0E565342E92C19800C27D2C;
					};
					A0E565542E92C19A00C27D2C = {
						CreatedOnToolsVersion = 16.4;
						TestTargetID = A0E565342E92C19800C27D2C;
					};
				};
			};
			buildConfigurationList = A0E565302E92C19800C27D2C /* Build configuration list for PBXProject "ChiangLucas-HW4" */;
			developmentRegion = en;
			hasScannedForEncodings = 0;
			knownRegions = (
				en,
				Base,
			);
			mainGroup = A0E5652C2E92C19800C27D2C;
			minimizedProjectReferenceProxies = 1;
			preferredProjectObjectVersion = 77;
			productRefGroup = A0E565362E92C19800C27D2C /* Products */;
			projectDirPath = "";
			projectRoot = "";
			targets = (
				A0E565342E92C19800C27D2C /* ChiangLucas-HW4 */,
				A0E5654A2E92C19A00C27D2C /* ChiangLucas-HW4Tests */,
				A0E565542E92C19A00C27D2C /* ChiangLucas-HW4UITests */,
			);
		};
/* End PBXProject section */

/* Begin PBXResourcesBuildPhase section */
		A0E565332E92C19800C27D2C /* Resources */ = {
			isa = PBXResourcesBuildPhase;
			buildActionMask = 2147483647;
			files = (
			);
			runOnlyForDeploymentPostprocessing = 0;
		};
		A0E565492E92C19A00C27D2C /* Resources */ = {
			isa = PBXResourcesBuildPhase;
			buildActionMask = 2147483647;
			files = (
			);
			runOnlyForDeploymentPostprocessing = 0;
		};
		A0E565532E92C19A00C27D2C /* Resources */ = {
			isa = PBXResourcesBuildPhase;
			buildActionMask = 2147483647;
			files = (
			);
			runOnlyForDeploymentPostprocessing = 0;
		};
/* End PBXResourcesBuildPhase section */

/* Begin PBXSourcesBuildPhase section */
		A0E565312E92C19800C27D2C /* Sources */ = {
			isa = PBXSourcesBuildPhase;
			buildActionMask = 2147483647;
			files = (
			);
			runOnlyForDeploymentPostprocessing = 0;
		};
		A0E565472E92C19A00C27D2C /* Sources */ = {
			isa = PBXSourcesBuildPhase;
			buildActionMask = 2147483647;
			files = (
			);
			runOnlyForDeploymentPostprocessing = 0;
		};
		A0E565512E92C19A00C27D2C /* Sources */ = {
			isa = PBXSourcesBuildPhase;
			buildActionMask = 2147483647;
			files = (
			);
			runOnlyForDeploymentPostprocessing = 0;
		};
/* End PBXSourcesBuildPhase section */

/* Begin PBXTargetDependency section */
		A0E5654D2E92C19A00C27D2C /* PBXTargetDependency */ = {
			isa = PBXTargetDependency;
			target = A0E565342E92C19800C27D2C /* ChiangLucas-HW4 */;
			targetProxy = A0E5654C2E92C19A00C27D2C /* PBXContainerItemProxy */;
		};
		A0E565572E92C19A00C27D2C /* PBXTargetDependency */ = {
			isa = PBXTargetDependency;
			target = A0E565342E92C19800C27D2C /* ChiangLucas-HW4 */;
			targetProxy = A0E565562E92C19A00C27D2C /* PBXContainerItemProxy */;
		};
/* End PBXTargetDependency section */

/* Begin XCBuildConfiguration section */
		A0E5655F2E92C19A00C27D2C /* Debug */ = {
			isa = XCBuildConfiguration;
			buildSettings = {
				ASSETCATALOG_COMPILER_APPICON_NAME = AppIcon;
				ASSETCATALOG_COMPILER_GLOBAL_ACCENT_COLOR_NAME = AccentColor;
				CODE_SIGN_STYLE = Automatic;
				CURRENT_PROJECT_VERSION = 1;
				DEVELOPMENT_TEAM = Q3DG9KU587;
				GENERATE_INFOPLIST_FILE = YES;
				INFOPLIST_FILE = "ChiangLucas-HW4/Info.plist";
				INFOPLIST_KEY_UIApplicationSupportsIndirectInputEvents = YES;
				INFOPLIST_KEY_UILaunchStoryboardName = LaunchScreen;
				INFOPLIST_KEY_UIMainStoryboardFile = Main;
				INFOPLIST_KEY_UISupportedInterfaceOrientations_iPad = "UIInterfaceOrientationPortrait UIInterfaceOrientationPortraitUpsideDown UIInterfaceOrientationLandscapeLeft UIInterfaceOrientationLandscapeRight";
				INFOPLIST_KEY_UISupportedInterfaceOrientations_iPhone = "UIInterfaceOrientationPortrait UIInterfaceOrientationLandscapeLeft UIInterfaceOrientationLandscapeRight";
				LD_RUNPATH_SEARCH_PATHS = (
					"$(inherited)",
					"@executable_path/Frameworks",
				);
				MARKETING_VERSION = 1.0;
				PRODUCT_BUNDLE_IDENTIFIER = "utcs.ChiangLucas-HW4";
				PRODUCT_NAME = "$(TARGET_NAME)";
				SWIFT_EMIT_LOC_STRINGS = YES;
				SWIFT_VERSION = 5.0;
				TARGETED_DEVICE_FAMILY = "1,2";
			};
			name = Debug;
		};
		A0E565602E92C19A00C27D2C /* Release */ = {
			isa = XCBuildConfiguration;
			buildSettings = {
				ASSETCATALOG_COMPILER_APPICON_NAME = AppIcon;
				ASSETCATALOG_COMPILER_GLOBAL_ACCENT_COLOR_NAME = AccentColor;
				CODE_SIGN_STYLE = Automatic;
				CURRENT_PROJECT_VERSION = 1;
				DEVELOPMENT_TEAM = Q3DG9KU587;
				GENERATE_INFOPLIST_FILE = YES;
				INFOPLIST_FILE = "ChiangLucas-HW4/Info.plist";
				INFOPLIST_KEY_UIApplicationSupportsIndirectInputEvents = YES;
				INFOPLIST_KEY_UILaunchStoryboardName = LaunchScreen;
				INFOPLIST_KEY_UIMainStoryboardFile = Main;
				INFOPLIST_KEY_UISupportedInterfaceOrientations_iPad = "UIInterfaceOrientationPortrait UIInterfaceOrientationPortraitUpsideDown UIInterfaceOrientationLandscapeLeft UIInterfaceOrientationLandscapeRight";
				INFOPLIST_KEY_UISupportedInterfaceOrientations_iPhone = "UIInterfaceOrientationPortrait UIInterfaceOrientationLandscapeLeft UIInterfaceOrientationLandscapeRight";
				LD_RUNPATH_SEARCH_PATHS = (
					"$(inherited)",
					"@executable_path/Frameworks",
				);
				MARKETING_VERSION = 1.0;
				PRODUCT_BUNDLE_IDENTIFIER = "utcs.ChiangLucas-HW4";
				PRODUCT_NAME = "$(TARGET_NAME)";
				SWIFT_EMIT_LOC_STRINGS = YES;
				SWIFT_VERSION = 5.0;
				TARGETED_DEVICE_FAMILY = "1,2";
			};
			name = Release;
		};
		A0E565612E92C19A00C27D2C /* Debug */ = {
			isa = XCBuildConfiguration;
			buildSettings = {
				ALWAYS_SEARCH_USER_PATHS = NO;
				ASSETCATALOG_COMPILER_GENERATE_SWIFT_ASSET_SYMBOL_EXTENSIONS = YES;
				CLANG_ANALYZER_NONNULL = YES;
				CLANG_ANALYZER_NUMBER_OBJECT_CONVERSION = YES_AGGRESSIVE;
				CLANG_CXX_LANGUAGE_STANDARD = "gnu++20";
				CLANG_ENABLE_MODULES = YES;
				CLANG_ENABLE_OBJC_ARC = YES;
				CLANG_ENABLE_OBJC_WEAK = YES;
				CLANG_WARN_BLOCK_CAPTURE_AUTORELEASING = YES;
				CLANG_WARN_BOOL_CONVERSION = YES;
				CLANG_WARN_COMMA = YES;
				CLANG_WARN_CONSTANT_CONVERSION = YES;
				CLANG_WARN_DEPRECATED_OBJC_IMPLEMENTATIONS = YES;
				CLANG_WARN_DIRECT_OBJC_ISA_USAGE = YES_ERROR;
				CLANG_WARN_DOCUMENTATION_COMMENTS = YES;
				CLANG_WARN_EMPTY_BODY = YES;
				CLANG_WARN_ENUM_CONVERSION = YES;
				CLANG_WARN_INFINITE_RECURSION = YES;
				CLANG_WARN_INT_CONVERSION = YES;
				CLANG_WARN_NON_LITERAL_NULL_CONVERSION = YES;
				CLANG_WARN_OBJC_IMPLICIT_RETAIN_SELF = YES;
				CLANG_WARN_OBJC_LITERAL_CONVERSION = YES;
				CLANG_WARN_OBJC_ROOT_CLASS = YES_ERROR;
				CLANG_WARN_QUOTED_INCLUDE_IN_FRAMEWORK_HEADER = YES;
				CLANG_WARN_RANGE_LOOP_ANALYSIS = YES;
				CLANG_WARN_STRICT_PROTOTYPES = YES;
				CLANG_WARN_SUSPICIOUS_MOVE = YES;
				CLANG_WARN_UNGUARDED_AVAILABILITY = YES_AGGRESSIVE;
				CLANG_WARN_UNREACHABLE_CODE = YES;
				CLANG_WARN__DUPLICATE_METHOD_MATCH = YES;
				COPY_PHASE_STRIP = NO;
				DEBUG_INFORMATION_FORMAT = dwarf;
				DEVELOPMENT_TEAM = Q3DG9KU587;
				ENABLE_STRICT_OBJC_MSGSEND = YES;
				ENABLE_TESTABILITY = YES;
				ENABLE_USER_SCRIPT_SANDBOXING = YES;
				GCC_C_LANGUAGE_STANDARD = gnu17;
				GCC_DYNAMIC_NO_PIC = NO;
				GCC_NO_COMMON_BLOCKS = YES;
				GCC_OPTIMIZATION_LEVEL = 0;
				GCC_PREPROCESSOR_DEFINITIONS = (
					"DEBUG=1",
					"$(inherited)",
				);
				GCC_WARN_64_TO_32_BIT_CONVERSION = YES;
				GCC_WARN_ABOUT_RETURN_TYPE = YES_ERROR;
				GCC_WARN_UNDECLARED_SELECTOR = YES;
				GCC_WARN_UNINITIALIZED_AUTOS = YES_AGGRESSIVE;
				GCC_WARN_UNUSED_FUNCTION = YES;
				GCC_WARN_UNUSED_VARIABLE = YES;
				IPHONEOS_DEPLOYMENT_TARGET = 18.5;
				LOCALIZATION_PREFERS_STRING_CATALOGS = YES;
				MTL_ENABLE_DEBUG_INFO = INCLUDE_SOURCE;
				MTL_FAST_MATH = YES;
				ONLY_ACTIVE_ARCH = YES;
				SDKROOT = iphoneos;
				SWIFT_ACTIVE_COMPILATION_CONDITIONS = "DEBUG $(inherited)";
				SWIFT_OPTIMIZATION_LEVEL = "-Onone";
			};
			name = Debug;
		};
		A0E565622E92C19A00C27D2C /* Release */ = {
			isa = XCBuildConfiguration;
			buildSettings = {
				ALWAYS_SEARCH_USER_PATHS = NO;
				ASSETCATALOG_COMPILER_GENERATE_SWIFT_ASSET_SYMBOL_EXTENSIONS = YES;
				CLANG_ANALYZER_NONNULL = YES;
				CLANG_ANALYZER_NUMBER_OBJECT_CONVERSION = YES_AGGRESSIVE;
				CLANG_CXX_LANGUAGE_STANDARD = "gnu++20";
				CLANG_ENABLE_MODULES = YES;
				CLANG_ENABLE_OBJC_ARC = YES;
				CLANG_ENABLE_OBJC_WEAK = YES;
				CLANG_WARN_BLOCK_CAPTURE_AUTORELEASING = YES;
				CLANG_WARN_BOOL_CONVERSION = YES;
				CLANG_WARN_COMMA = YES;
				CLANG_WARN_CONSTANT_CONVERSION = YES;
				CLANG_WARN_DEPRECATED_OBJC_IMPLEMENTATIONS = YES;
				CLANG_WARN_DIRECT_OBJC_ISA_USAGE = YES_ERROR;
				CLANG_WARN_DOCUMENTATION_COMMENTS = YES;
				CLANG_WARN_EMPTY_BODY = YES;
				CLANG_WARN_ENUM_CONVERSION = YES;
				CLANG_WARN_INFINITE_RECURSION = YES;
				CLANG_WARN_INT_CONVERSION = YES;
				CLANG_WARN_NON_LITERAL_NULL_CONVERSION = YES;
				CLANG_WARN_OBJC_IMPLICIT_RETAIN_SELF = YES;
				CLANG_WARN_OBJC_LITERAL_CONVERSION = YES;
				CLANG_WARN_OBJC_ROOT_CLASS = YES_ERROR;
				CLANG_WARN_QUOTED_INCLUDE_IN_FRAMEWORK_HEADER = YES;
				CLANG_WARN_RANGE_LOOP_ANALYSIS = YES;
				CLANG_WARN_STRICT_PROTOTYPES = YES;
				CLANG_WARN_SUSPICIOUS_MOVE = YES;
				CLANG_WARN_UNGUARDED_AVAILABILITY = YES_AGGRESSIVE;
				CLANG_WARN_UNREACHABLE_CODE = YES;
				CLANG_WARN__DUPLICATE_METHOD_MATCH = YES;
				COPY_PHASE_STRIP = NO;
				DEBUG_INFORMATION_FORMAT = "dwarf-with-dsym";
				DEVELOPMENT_TEAM = Q3DG9KU587;
				ENABLE_NS_ASSERTIONS = NO;
				ENABLE_STRICT_OBJC_MSGSEND = YES;
				ENABLE_USER_SCRIPT_SANDBOXING = YES;
				GCC_C_LANGUAGE_STANDARD = gnu17;
				GCC_NO_COMMON_BLOCKS = YES;
				GCC_WARN_64_TO_32_BIT_CONVERSION = YES;
				GCC_WARN_ABOUT_RETURN_TYPE = YES_ERROR;
				GCC_WARN_UNDECLARED_SELECTOR = YES;
				GCC_WARN_UNINITIALIZED_AUTOS = YES_AGGRESSIVE;
				GCC_WARN_UNUSED_FUNCTION = YES;
				GCC_WARN_UNUSED_VARIABLE = YES;
				IPHONEOS_DEPLOYMENT_TARGET = 18.5;
				LOCALIZATION_PREFERS_STRING_CATALOGS = YES;
				MTL_ENABLE_DEBUG_INFO = NO;
				MTL_FAST_MATH = YES;
				SDKROOT = iphoneos;
				SWIFT_COMPILATION_MODE = wholemodule;
				VALIDATE_PRODUCT = YES;
			};
			name = Release;
		};
		A0E565642E92C19A00C27D2C /* Debug */ = {
			isa = XCBuildConfiguration;
			buildSettings = {
				BUNDLE_LOADER = "$(TEST_HOST)";
				CODE_SIGN_STYLE = Automatic;
				CURRENT_PROJECT_VERSION = 1;
				DEVELOPMENT_TEAM = Q3DG9KU587;
				GENERATE_INFOPLIST_FILE = YES;
				IPHONEOS_DEPLOYMENT_TARGET = 18.5;
				MARKETING_VERSION = 1.0;
				PRODUCT_BUNDLE_IDENTIFIER = "utcs.ChiangLucas-HW4Tests";
				PRODUCT_NAME = "$(TARGET_NAME)";
				SWIFT_EMIT_LOC_STRINGS = NO;
				SWIFT_VERSION = 5.0;
				TARGETED_DEVICE_FAMILY = "1,2";
				TEST_HOST = "$(BUILT_PRODUCTS_DIR)/ChiangLucas-HW4.app/$(BUNDLE_EXECUTABLE_FOLDER_PATH)/ChiangLucas-HW4";
			};
			name = Debug;
		};
		A0E565652E92C19A00C27D2C /* Release */ = {
			isa = XCBuildConfiguration;
			buildSettings = {
				BUNDLE_LOADER = "$(TEST_HOST)";
				CODE_SIGN_STYLE = Automatic;
				CURRENT_PROJECT_VERSION = 1;
				DEVELOPMENT_TEAM = Q3DG9KU587;
				GENERATE_INFOPLIST_FILE = YES;
				IPHONEOS_DEPLOYMENT_TARGET = 18.5;
				MARKETING_VERSION = 1.0;
				PRODUCT_BUNDLE_IDENTIFIER = "utcs.ChiangLucas-HW4Tests";
				PRODUCT_NAME = "$(TARGET_NAME)";
				SWIFT_EMIT_LOC_STRINGS = NO;
				SWIFT_VERSION = 5.0;
				TARGETED_DEVICE_FAMILY = "1,2";
				TEST_HOST = "$(BUILT_PRODUCTS_DIR)/ChiangLucas-HW4.app/$(BUNDLE_EXECUTABLE_FOLDER_PATH)/ChiangLucas-HW4";
			};
			name = Release;
		};
		A0E565672E92C19A00C27D2C /* Debug */ = {
			isa = XCBuildConfiguration;
			buildSettings = {
				CODE_SIGN_STYLE = Automatic;
				CURRENT_PROJECT_VERSION = 1;
				DEVELOPMENT_TEAM = Q3DG9KU587;
				GENERATE_INFOPLIST_FILE = YES;
				MARKETING_VERSION = 1.0;
				PRODUCT_BUNDLE_IDENTIFIER = "utcs.ChiangLucas-HW4UITests";
				PRODUCT_NAME = "$(TARGET_NAME)";
				SWIFT_EMIT_LOC_STRINGS = NO;
				SWIFT_VERSION = 5.0;
				TARGETED_DEVICE_FAMILY = "1,2";
				TEST_TARGET_NAME = "ChiangLucas-HW4";
			};
			name = Debug;
		};
		A0E565682E92C19A00C27D2C /* Release */ = {
			isa = XCBuildConfiguration;
			buildSettings = {
				CODE_SIGN_STYLE = Automatic;
				CURRENT_PROJECT_VERSION = 1;
				DEVELOPMENT_TEAM = Q3DG9KU587;
				GENERATE_INFOPLIST_FILE = YES;
				MARKETING_VERSION = 1.0;
				PRODUCT_BUNDLE_IDENTIFIER = "utcs.ChiangLucas-HW4UITests";
				PRODUCT_NAME = "$(TARGET_NAME)";
				SWIFT_EMIT_LOC_STRINGS = NO;
				SWIFT_VERSION = 5.0;
				TARGETED_DEVICE_FAMILY = "1,2";
				TEST_TARGET_NAME = "ChiangLucas-HW4";
			};
			name = Release;
		};
/* End XCBuildConfiguration section */

/* Begin XCConfigurationList section */
		A0E565302E92C19800C27D2C /* Build configuration list for PBXProject "ChiangLucas-HW4" */ = {
			isa = XCConfigurationList;
			buildConfigurations = (
				A0E565612E92C19A00C27D2C /* Debug */,
				A0E565622E92C19A00C27D2C /* Release */,
			);
			defaultConfigurationIsVisible = 0;
			defaultConfigurationName = Release;
		};
		A0E5655E2E92C19A00C27D2C /* Build configuration list for PBXNativeTarget "ChiangLucas-HW4" */ = {
			isa = XCConfigurationList;
			buildConfigurations = (
				A0E5655F2E92C19A00C27D2C /* Debug */,
				A0E565602E92C19A00C27D2C /* Release */,
			);
			defaultConfigurationIsVisible = 0;
			defaultConfigurationName = Release;
		};
		A0E565632E92C19A00C27D2C /* Build configuration list for PBXNativeTarget "ChiangLucas-HW4Tests" */ = {
			isa = XCConfigurationList;
			buildConfigurations = (
				A0E565642E92C19A00C27D2C /* Debug */,
				A0E565652E92C19A00C27D2C /* Release */,
			);
			defaultConfigurationIsVisible = 0;
			defaultConfigurationName = Release;
		};
		A0E565662E92C19A00C27D2C /* Build configuration list for PBXNativeTarget "ChiangLucas-HW4UITests" */ = {
			isa = XCConfigurationList;
			buildConfigurations = (
				A0E565672E92C19A00C27D2C /* Debug */,
				A0E565682E92C19A00C27D2C /* Release */,
			);
			defaultConfigurationIsVisible = 0;
			defaultConfigurationName = Release;
		};
/* End XCConfigurationList section */
	};
	rootObject = A0E5652D2E92C19800C27D2C /* Project object */;
}
