// !$*UTF8*$!
{
	archiveVersion = 1;
	classes = {
	};
	objectVersion = 77;
	objects = {

/* Begin PBXContainerItemProxy section */
		A0566B052E8D6CFE00CE7954 /* PBXContainerItemProxy */ = {
			isa = PBXContainerItemProxy;
			containerPortal = A0566AE62E8D6CFC00CE7954 /* Project object */;
			proxyType = 1;
			remoteGlobalIDString = A0566AED2E8D6CFC00CE7954;
			remoteInfo = "CD-Alerts";
		};
		A0566B0F2E8D6CFE00CE7954 /* PBXContainerItemProxy */ = {
			isa = PBXContainerItemProxy;
			containerPortal = A0566AE62E8D6CFC00CE7954 /* Project object */;
			proxyType = 1;
			remoteGlobalIDString = A0566AED2E8D6CFC00CE7954;
			remoteInfo = "CD-Alerts";
		};
/* End PBXContainerItemProxy section */

/* Begin PBXFileReference section */
		A0566AEE2E8D6CFC00CE7954 /* CD-Alerts.app */ = {isa = PBXFileReference; explicitFileType = wrapper.application; includeInIndex = 0; path = "CD-Alerts.app"; sourceTree = BUILT_PRODUCTS_DIR; };
		A0566B042E8D6CFE00CE7954 /* CD-AlertsTests.xctest */ = {isa = PBXFileReference; explicitFileType = wrapper.cfbundle; includeInIndex = 0; path = "CD-AlertsTests.xctest"; sourceTree = BUILT_PRODUCTS_DIR; };
		A0566B0E2E8D6CFE00CE7954 /* CD-AlertsUITests.xctest */ = {isa = PBXFileReference; explicitFileType = wrapper.cfbundle; includeInIndex = 0; path = "CD-AlertsUITests.xctest"; sourceTree = BUILT_PRODUCTS_DIR; };
/* End PBXFileReference section */

/* Begin PBXFileSystemSynchronizedBuildFileExceptionSet section */
		A0566B162E8D6CFE00CE7954 /* Exceptions for "CD-Alerts" folder in "CD-Alerts" target */ = {
			isa = PBXFileSystemSynchronizedBuildFileExceptionSet;
			membershipExceptions = (
				Info.plist,
			);
			target = A0566AED2E8D6CFC00CE7954 /* CD-Alerts */;
		};
/* End PBXFileSystemSynchronizedBuildFileExceptionSet section */

/* Begin PBXFileSystemSynchronizedRootGroup section */
		A0566AF02E8D6CFC00CE7954 /* CD-Alerts */ = {
			isa = PBXFileSystemSynchronizedRootGroup;
			exceptions = (
				A0566B162E8D6CFE00CE7954 /* Exceptions for "CD-Alerts" folder in "CD-Alerts" target */,
			);
			path = "CD-Alerts";
			sourceTree = "<group>";
		};
		A0566B072E8D6CFE00CE7954 /* CD-AlertsTests */ = {
			isa = PBXFileSystemSynchronizedRootGroup;
			path = "CD-AlertsTests";
			sourceTree = "<group>";
		};
		A0566B112E8D6CFE00CE7954 /* CD-AlertsUITests */ = {
			isa = PBXFileSystemSynchronizedRootGroup;
			path = "CD-AlertsUITests";
			sourceTree = "<group>";
		};
/* End PBXFileSystemSynchronizedRootGroup section */

/* Begin PBXFrameworksBuildPhase section */
		A0566AEB2E8D6CFC00CE7954 /* Frameworks */ = {
			isa = PBXFrameworksBuildPhase;
			buildActionMask = 2147483647;
			files = (
			);
			runOnlyForDeploymentPostprocessing = 0;
		};
		A0566B012E8D6CFE00CE7954 /* Frameworks */ = {
			isa = PBXFrameworksBuildPhase;
			buildActionMask = 2147483647;
			files = (
			);
			runOnlyForDeploymentPostprocessing = 0;
		};
		A0566B0B2E8D6CFE00CE7954 /* Frameworks */ = {
			isa = PBXFrameworksBuildPhase;
			buildActionMask = 2147483647;
			files = (
			);
			runOnlyForDeploymentPostprocessing = 0;
		};
/* End PBXFrameworksBuildPhase section */

/* Begin PBXGroup section */
		A0566AE52E8D6CFC00CE7954 = {
			isa = PBXGroup;
			children = (
				A0566AF02E8D6CFC00CE7954 /* CD-Alerts */,
				A0566B072E8D6CFE00CE7954 /* CD-AlertsTests */,
				A0566B112E8D6CFE00CE7954 /* CD-AlertsUITests */,
				A0566AEF2E8D6CFC00CE7954 /* Products */,
			);
			sourceTree = "<group>";
		};
		A0566AEF2E8D6CFC00CE7954 /* Products */ = {
			isa = PBXGroup;
			children = (
				A0566AEE2E8D6CFC00CE7954 /* CD-Alerts.app */,
				A0566B042E8D6CFE00CE7954 /* CD-AlertsTests.xctest */,
				A0566B0E2E8D6CFE00CE7954 /* CD-AlertsUITests.xctest */,
			);
			name = Products;
			sourceTree = "<group>";
		};
/* End PBXGroup section */

/* Begin PBXNativeTarget section */
		A0566AED2E8D6CFC00CE7954 /* CD-Alerts */ = {
			isa = PBXNativeTarget;
			buildConfigurationList = A0566B172E8D6CFE00CE7954 /* Build configuration list for PBXNativeTarget "CD-Alerts" */;
			buildPhases = (
				A0566AEA2E8D6CFC00CE7954 /* Sources */,
				A0566AEB2E8D6CFC00CE7954 /* Frameworks */,
				A0566AEC2E8D6CFC00CE7954 /* Resources */,
			);
			buildRules = (
			);
			dependencies = (
			);
			fileSystemSynchronizedGroups = (
				A0566AF02E8D6CFC00CE7954 /* CD-Alerts */,
			);
			name = "CD-Alerts";
			packageProductDependencies = (
			);
			productName = "CD-Alerts";
			productReference = A0566AEE2E8D6CFC00CE7954 /* CD-Alerts.app */;
			productType = "com.apple.product-type.application";
		};
		A0566B032E8D6CFE00CE7954 /* CD-AlertsTests */ = {
			isa = PBXNativeTarget;
			buildConfigurationList = A0566B1C2E8D6CFE00CE7954 /* Build configuration list for PBXNativeTarget "CD-AlertsTests" */;
			buildPhases = (
				A0566B002E8D6CFE00CE7954 /* Sources */,
				A0566B012E8D6CFE00CE7954 /* Frameworks */,
				A0566B022E8D6CFE00CE7954 /* Resources */,
			);
			buildRules = (
			);
			dependencies = (
				A0566B062E8D6CFE00CE7954 /* PBXTargetDependency */,
			);
			fileSystemSynchronizedGroups = (
				A0566B072E8D6CFE00CE7954 /* CD-AlertsTests */,
			);
			name = "CD-AlertsTests";
			packageProductDependencies = (
			);
			productName = "CD-AlertsTests";
			productReference = A0566B042E8D6CFE00CE7954 /* CD-AlertsTests.xctest */;
			productType = "com.apple.product-type.bundle.unit-test";
		};
		A0566B0D2E8D6CFE00CE7954 /* CD-AlertsUITests */ = {
			isa = PBXNativeTarget;
			buildConfigurationList = A0566B1F2E8D6CFE00CE7954 /* Build configuration list for PBXNativeTarget "CD-AlertsUITests" */;
			buildPhases = (
				A0566B0A2E8D6CFE00CE7954 /* Sources */,
				A0566B0B2E8D6CFE00CE7954 /* Frameworks */,
				A0566B0C2E8D6CFE00CE7954 /* Resources */,
			);
			buildRules = (
			);
			dependencies = (
				A0566B102E8D6CFE00CE7954 /* PBXTargetDependency */,
			);
			fileSystemSynchronizedGroups = (
				A0566B112E8D6CFE00CE7954 /* CD-AlertsUITests */,
			);
			name = "CD-AlertsUITests";
			packageProductDependencies = (
			);
			productName = "CD-AlertsUITests";
			productReference = A0566B0E2E8D6CFE00CE7954 /* CD-AlertsUITests.xctest */;
			productType = "com.apple.product-type.bundle.ui-testing";
		};
/* End PBXNativeTarget section */

/* Begin PBXProject section */
		A0566AE62E8D6CFC00CE7954 /* Project object */ = {
			isa = PBXProject;
			attributes = {
				BuildIndependentTargetsInParallel = 1;
				LastSwiftUpdateCheck = 1640;
				LastUpgradeCheck = 1640;
				TargetAttributes = {
					A0566AED2E8D6CFC00CE7954 = {
						CreatedOnToolsVersion = 16.4;
					};
					A0566B032E8D6CFE00CE7954 = {
						CreatedOnToolsVersion = 16.4;
						TestTargetID = A0566AED2E8D6CFC00CE7954;
					};
					A0566B0D2E8D6CFE00CE7954 = {
						CreatedOnToolsVersion = 16.4;
						TestTargetID = A0566AED2E8D6CFC00CE7954;
					};
				};
			};
			buildConfigurationList = A0566AE92E8D6CFC00CE7954 /* Build configuration list for PBXProject "CD-Alerts" */;
			developmentRegion = en;
			hasScannedForEncodings = 0;
			knownRegions = (
				en,
				Base,
			);
			mainGroup = A0566AE52E8D6CFC00CE7954;
			minimizedProjectReferenceProxies = 1;
			preferredProjectObjectVersion = 77;
			productRefGroup = A0566AEF2E8D6CFC00CE7954 /* Products */;
			projectDirPath = "";
			projectRoot = "";
			targets = (
				A0566AED2E8D6CFC00CE7954 /* CD-Alerts */,
				A0566B032E8D6CFE00CE7954 /* CD-AlertsTests */,
				A0566B0D2E8D6CFE00CE7954 /* CD-AlertsUITests */,
			);
		};
/* End PBXProject section */

/* Begin PBXResourcesBuildPhase section */
		A0566AEC2E8D6CFC00CE7954 /* Resources */ = {
			isa = PBXResourcesBuildPhase;
			buildActionMask = 2147483647;
			files = (
			);
			runOnlyForDeploymentPostprocessing = 0;
		};
		A0566B022E8D6CFE00CE7954 /* Resources */ = {
			isa = PBXResourcesBuildPhase;
			buildActionMask = 2147483647;
			files = (
			);
			runOnlyForDeploymentPostprocessing = 0;
		};
		A0566B0C2E8D6CFE00CE7954 /* Resources */ = {
			isa = PBXResourcesBuildPhase;
			buildActionMask = 2147483647;
			files = (
			);
			runOnlyForDeploymentPostprocessing = 0;
		};
/* End PBXResourcesBuildPhase section */

/* Begin PBXSourcesBuildPhase section */
		A0566AEA2E8D6CFC00CE7954 /* Sources */ = {
			isa = PBXSourcesBuildPhase;
			buildActionMask = 2147483647;
			files = (
			);
			runOnlyForDeploymentPostprocessing = 0;
		};
		A0566B002E8D6CFE00CE7954 /* Sources */ = {
			isa = PBXSourcesBuildPhase;
			buildActionMask = 2147483647;
			files = (
			);
			runOnlyForDeploymentPostprocessing = 0;
		};
		A0566B0A2E8D6CFE00CE7954 /* Sources */ = {
			isa = PBXSourcesBuildPhase;
			buildActionMask = 2147483647;
			files = (
			);
			runOnlyForDeploymentPostprocessing = 0;
		};
/* End PBXSourcesBuildPhase section */

/* Begin PBXTargetDependency section */
		A0566B062E8D6CFE00CE7954 /* PBXTargetDependency */ = {
			isa = PBXTargetDependency;
			target = A0566AED2E8D6CFC00CE7954 /* CD-Alerts */;
			targetProxy = A0566B052E8D6CFE00CE7954 /* PBXContainerItemProxy */;
		};
		A0566B102E8D6CFE00CE7954 /* PBXTargetDependency */ = {
			isa = PBXTargetDependency;
			target = A0566AED2E8D6CFC00CE7954 /* CD-Alerts */;
			targetProxy = A0566B0F2E8D6CFE00CE7954 /* PBXContainerItemProxy */;
		};
/* End PBXTargetDependency section */

/* Begin XCBuildConfiguration section */
		A0566B182E8D6CFE00CE7954 /* Debug */ = {
			isa = XCBuildConfiguration;
			buildSettings = {
				ASSETCATALOG_COMPILER_APPICON_NAME = AppIcon;
				ASSETCATALOG_COMPILER_GLOBAL_ACCENT_COLOR_NAME = AccentColor;
				CODE_SIGN_STYLE = Automatic;
				CURRENT_PROJECT_VERSION = 1;
				DEVELOPMENT_TEAM = Q3DG9KU587;
				GENERATE_INFOPLIST_FILE = YES;
				INFOPLIST_FILE = "CD-Alerts/Info.plist";
				INFOPLIST_KEY_UIApplicationSupportsIndirectInputEvents = YES;
				INFOPLIST_KEY_UILaunchStoryboardName = LaunchScreen;
				INFOPLIST_KEY_UIMainStoryboardFile = Main;
				INFOPLIST_KEY_UISupportedInterfaceOrientations_iPad = "UIInterfaceOrientationPortrait UIInterfaceOrientationPortraitUpsideDown UIInterfaceOrientationLandscapeLeft UIInterfaceOrientationLandscapeRight";
				INFOPLIST_KEY_UISupportedInterfaceOrientations_iPhone = "UIInterfaceOrientationPortrait UIInterfaceOrientationLandscapeLeft UIInterfaceOrientationLandscapeRight";
				LD_RUNPATH_SEARCH_PATHS = (
					"$(inherited)",
					"@executable_path/Frameworks",
				);
				MARKETING_VERSION = 1.0;
				PRODUCT_BUNDLE_IDENTIFIER = "utcs.CD-Alerts";
				PRODUCT_NAME = "$(TARGET_NAME)";
				SWIFT_EMIT_LOC_STRINGS = YES;
				SWIFT_VERSION = 5.0;
				TARGETED_DEVICE_FAMILY = "1,2";
			};
			name = Debug;
		};
		A0566B192E8D6CFE00CE7954 /* Release */ = {
			isa = XCBuildConfiguration;
			buildSettings = {
				ASSETCATALOG_COMPILER_APPICON_NAME = AppIcon;
				ASSETCATALOG_COMPILER_GLOBAL_ACCENT_COLOR_NAME = AccentColor;
				CODE_SIGN_STYLE = Automatic;
				CURRENT_PROJECT_VERSION = 1;
				DEVELOPMENT_TEAM = Q3DG9KU587;
				GENERATE_INFOPLIST_FILE = YES;
				INFOPLIST_FILE = "CD-Alerts/Info.plist";
				INFOPLIST_KEY_UIApplicationSupportsIndirectInputEvents = YES;
				INFOPLIST_KEY_UILaunchStoryboardName = LaunchScreen;
				INFOPLIST_KEY_UIMainStoryboardFile = Main;
				INFOPLIST_KEY_UISupportedInterfaceOrientations_iPad = "UIInterfaceOrientationPortrait UIInterfaceOrientationPortraitUpsideDown UIInterfaceOrientationLandscapeLeft UIInterfaceOrientationLandscapeRight";
				INFOPLIST_KEY_UISupportedInterfaceOrientations_iPhone = "UIInterfaceOrientationPortrait UIInterfaceOrientationLandscapeLeft UIInterfaceOrientationLandscapeRight";
				LD_RUNPATH_SEARCH_PATHS = (
					"$(inherited)",
					"@executable_path/Frameworks",
				);
				MARKETING_VERSION = 1.0;
				PRODUCT_BUNDLE_IDENTIFIER = "utcs.CD-Alerts";
				PRODUCT_NAME = "$(TARGET_NAME)";
				SWIFT_EMIT_LOC_STRINGS = YES;
				SWIFT_VERSION = 5.0;
				TARGETED_DEVICE_FAMILY = "1,2";
			};
			name = Release;
		};
		A0566B1A2E8D6CFE00CE7954 /* Debug */ = {
			isa = XCBuildConfiguration;
			buildSettings = {
				ALWAYS_SEARCH_USER_PATHS = NO;
				ASSETCATALOG_COMPILER_GENERATE_SWIFT_ASSET_SYMBOL_EXTENSIONS = YES;
				CLANG_ANALYZER_NONNULL = YES;
				CLANG_ANALYZER_NUMBER_OBJECT_CONVERSION = YES_AGGRESSIVE;
				CLANG_CXX_LANGUAGE_STANDARD = "gnu++20";
				CLANG_ENABLE_MODULES = YES;
				CLANG_ENABLE_OBJC_ARC = YES;
				CLANG_ENABLE_OBJC_WEAK = YES;
				CLANG_WARN_BLOCK_CAPTURE_AUTORELEASING = YES;
				CLANG_WARN_BOOL_CONVERSION = YES;
				CLANG_WARN_COMMA = YES;
				CLANG_WARN_CONSTANT_CONVERSION = YES;
				CLANG_WARN_DEPRECATED_OBJC_IMPLEMENTATIONS = YES;
				CLANG_WARN_DIRECT_OBJC_ISA_USAGE = YES_ERROR;
				CLANG_WARN_DOCUMENTATION_COMMENTS = YES;
				CLANG_WARN_EMPTY_BODY = YES;
				CLANG_WARN_ENUM_CONVERSION = YES;
				CLANG_WARN_INFINITE_RECURSION = YES;
				CLANG_WARN_INT_CONVERSION = YES;
				CLANG_WARN_NON_LITERAL_NULL_CONVERSION = YES;
				CLANG_WARN_OBJC_IMPLICIT_RETAIN_SELF = YES;
				CLANG_WARN_OBJC_LITERAL_CONVERSION = YES;
				CLANG_WARN_OBJC_ROOT_CLASS = YES_ERROR;
				CLANG_WARN_QUOTED_INCLUDE_IN_FRAMEWORK_HEADER = YES;
				CLANG_WARN_RANGE_LOOP_ANALYSIS = YES;
				CLANG_WARN_STRICT_PROTOTYPES = YES;
				CLANG_WARN_SUSPICIOUS_MOVE = YES;
				CLANG_WARN_UNGUARDED_AVAILABILITY = YES_AGGRESSIVE;
				CLANG_WARN_UNREACHABLE_CODE = YES;
				CLANG_WARN__DUPLICATE_METHOD_MATCH = YES;
				COPY_PHASE_STRIP = NO;
				DEBUG_INFORMATION_FORMAT = dwarf;
				DEVELOPMENT_TEAM = Q3DG9KU587;
				ENABLE_STRICT_OBJC_MSGSEND = YES;
				ENABLE_TESTABILITY = YES;
				ENABLE_USER_SCRIPT_SANDBOXING = YES;
				GCC_C_LANGUAGE_STANDARD = gnu17;
				GCC_DYNAMIC_NO_PIC = NO;
				GCC_NO_COMMON_BLOCKS = YES;
				GCC_OPTIMIZATION_LEVEL = 0;
				GCC_PREPROCESSOR_DEFINITIONS = (
					"DEBUG=1",
					"$(inherited)",
				);
				GCC_WARN_64_TO_32_BIT_CONVERSION = YES;
				GCC_WARN_ABOUT_RETURN_TYPE = YES_ERROR;
				GCC_WARN_UNDECLARED_SELECTOR = YES;
				GCC_WARN_UNINITIALIZED_AUTOS = YES_AGGRESSIVE;
				GCC_WARN_UNUSED_FUNCTION = YES;
				GCC_WARN_UNUSED_VARIABLE = YES;
				IPHONEOS_DEPLOYMENT_TARGET = 18.5;
				LOCALIZATION_PREFERS_STRING_CATALOGS = YES;
				MTL_ENABLE_DEBUG_INFO = INCLUDE_SOURCE;
				MTL_FAST_MATH = YES;
				ONLY_ACTIVE_ARCH = YES;
				SDKROOT = iphoneos;
				SWIFT_ACTIVE_COMPILATION_CONDITIONS = "DEBUG $(inherited)";
				SWIFT_OPTIMIZATION_LEVEL = "-Onone";
			};
			name = Debug;
		};
		A0566B1B2E8D6CFE00CE7954 /* Release */ = {
			isa = XCBuildConfiguration;
			buildSettings = {
				ALWAYS_SEARCH_USER_PATHS = NO;
				ASSETCATALOG_COMPILER_GENERATE_SWIFT_ASSET_SYMBOL_EXTENSIONS = YES;
				CLANG_ANALYZER_NONNULL = YES;
				CLANG_ANALYZER_NUMBER_OBJECT_CONVERSION = YES_AGGRESSIVE;
				CLANG_CXX_LANGUAGE_STANDARD = "gnu++20";
				CLANG_ENABLE_MODULES = YES;
				CLANG_ENABLE_OBJC_ARC = YES;
				CLANG_ENABLE_OBJC_WEAK = YES;
				CLANG_WARN_BLOCK_CAPTURE_AUTORELEASING = YES;
				CLANG_WARN_BOOL_CONVERSION = YES;
				CLANG_WARN_COMMA = YES;
				CLANG_WARN_CONSTANT_CONVERSION = YES;
				CLANG_WARN_DEPRECATED_OBJC_IMPLEMENTATIONS = YES;
				CLANG_WARN_DIRECT_OBJC_ISA_USAGE = YES_ERROR;
				CLANG_WARN_DOCUMENTATION_COMMENTS = YES;
				CLANG_WARN_EMPTY_BODY = YES;
				CLANG_WARN_ENUM_CONVERSION = YES;
				CLANG_WARN_INFINITE_RECURSION = YES;
				CLANG_WARN_INT_CONVERSION = YES;
				CLANG_WARN_NON_LITERAL_NULL_CONVERSION = YES;
				CLANG_WARN_OBJC_IMPLICIT_RETAIN_SELF = YES;
				CLANG_WARN_OBJC_LITERAL_CONVERSION = YES;
				CLANG_WARN_OBJC_ROOT_CLASS = YES_ERROR;
				CLANG_WARN_QUOTED_INCLUDE_IN_FRAMEWORK_HEADER = YES;
				CLANG_WARN_RANGE_LOOP_ANALYSIS = YES;
				CLANG_WARN_STRICT_PROTOTYPES = YES;
				CLANG_WARN_SUSPICIOUS_MOVE = YES;
				CLANG_WARN_UNGUARDED_AVAILABILITY = YES_AGGRESSIVE;
				CLANG_WARN_UNREACHABLE_CODE = YES;
				CLANG_WARN__DUPLICATE_METHOD_MATCH = YES;
				COPY_PHASE_STRIP = NO;
				DEBUG_INFORMATION_FORMAT = "dwarf-with-dsym";
				DEVELOPMENT_TEAM = Q3DG9KU587;
				ENABLE_NS_ASSERTIONS = NO;
				ENABLE_STRICT_OBJC_MSGSEND = YES;
				ENABLE_USER_SCRIPT_SANDBOXING = YES;
				GCC_C_LANGUAGE_STANDARD = gnu17;
				GCC_NO_COMMON_BLOCKS = YES;
				GCC_WARN_64_TO_32_BIT_CONVERSION = YES;
				GCC_WARN_ABOUT_RETURN_TYPE = YES_ERROR;
				GCC_WARN_UNDECLARED_SELECTOR = YES;
				GCC_WARN_UNINITIALIZED_AUTOS = YES_AGGRESSIVE;
				GCC_WARN_UNUSED_FUNCTION = YES;
				GCC_WARN_UNUSED_VARIABLE = YES;
				IPHONEOS_DEPLOYMENT_TARGET = 18.5;
				LOCALIZATION_PREFERS_STRING_CATALOGS = YES;
				MTL_ENABLE_DEBUG_INFO = NO;
				MTL_FAST_MATH = YES;
				SDKROOT = iphoneos;
				SWIFT_COMPILATION_MODE = wholemodule;
				VALIDATE_PRODUCT = YES;
			};
			name = Release;
		};
		A0566B1D2E8D6CFE00CE7954 /* Debug */ = {
			isa = XCBuildConfiguration;
			buildSettings = {
				BUNDLE_LOADER = "$(TEST_HOST)";
				CODE_SIGN_STYLE = Automatic;
				CURRENT_PROJECT_VERSION = 1;
				DEVELOPMENT_TEAM = Q3DG9KU587;
				GENERATE_INFOPLIST_FILE = YES;
				IPHONEOS_DEPLOYMENT_TARGET = 18.5;
				MARKETING_VERSION = 1.0;
				PRODUCT_BUNDLE_IDENTIFIER = "utcs.CD-AlertsTests";
				PRODUCT_NAME = "$(TARGET_NAME)";
				SWIFT_EMIT_LOC_STRINGS = NO;
				SWIFT_VERSION = 5.0;
				TARGETED_DEVICE_FAMILY = "1,2";
				TEST_HOST = "$(BUILT_PRODUCTS_DIR)/CD-Alerts.app/$(BUNDLE_EXECUTABLE_FOLDER_PATH)/CD-Alerts";
			};
			name = Debug;
		};
		A0566B1E2E8D6CFE00CE7954 /* Release */ = {
			isa = XCBuildConfiguration;
			buildSettings = {
				BUNDLE_LOADER = "$(TEST_HOST)";
				CODE_SIGN_STYLE = Automatic;
				CURRENT_PROJECT_VERSION = 1;
				DEVELOPMENT_TEAM = Q3DG9KU587;
				GENERATE_INFOPLIST_FILE = YES;
				IPHONEOS_DEPLOYMENT_TARGET = 18.5;
				MARKETING_VERSION = 1.0;
				PRODUCT_BUNDLE_IDENTIFIER = "utcs.CD-AlertsTests";
				PRODUCT_NAME = "$(TARGET_NAME)";
				SWIFT_EMIT_LOC_STRINGS = NO;
				SWIFT_VERSION = 5.0;
				TARGETED_DEVICE_FAMILY = "1,2";
				TEST_HOST = "$(BUILT_PRODUCTS_DIR)/CD-Alerts.app/$(BUNDLE_EXECUTABLE_FOLDER_PATH)/CD-Alerts";
			};
			name = Release;
		};
		A0566B202E8D6CFE00CE7954 /* Debug */ = {
			isa = XCBuildConfiguration;
			buildSettings = {
				CODE_SIGN_STYLE = Automatic;
				CURRENT_PROJECT_VERSION = 1;
				DEVELOPMENT_TEAM = Q3DG9KU587;
				GENERATE_INFOPLIST_FILE = YES;
				MARKETING_VERSION = 1.0;
				PRODUCT_BUNDLE_IDENTIFIER = "utcs.CD-AlertsUITests";
				PRODUCT_NAME = "$(TARGET_NAME)";
				SWIFT_EMIT_LOC_STRINGS = NO;
				SWIFT_VERSION = 5.0;
				TARGETED_DEVICE_FAMILY = "1,2";
				TEST_TARGET_NAME = "CD-Alerts";
			};
			name = Debug;
		};
		A0566B212E8D6CFE00CE7954 /* Release */ = {
			isa = XCBuildConfiguration;
			buildSettings = {
				CODE_SIGN_STYLE = Automatic;
				CURRENT_PROJECT_VERSION = 1;
				DEVELOPMENT_TEAM = Q3DG9KU587;
				GENERATE_INFOPLIST_FILE = YES;
				MARKETING_VERSION = 1.0;
				PRODUCT_BUNDLE_IDENTIFIER = "utcs.CD-AlertsUITests";
				PRODUCT_NAME = "$(TARGET_NAME)";
				SWIFT_EMIT_LOC_STRINGS = NO;
				SWIFT_VERSION = 5.0;
				TARGETED_DEVICE_FAMILY = "1,2";
				TEST_TARGET_NAME = "CD-Alerts";
			};
			name = Release;
		};
/* End XCBuildConfiguration section */

/* Begin XCConfigurationList section */
		A0566AE92E8D6CFC00CE7954 /* Build configuration list for PBXProject "CD-Alerts" */ = {
			isa = XCConfigurationList;
			buildConfigurations = (
				A0566B1A2E8D6CFE00CE7954 /* Debug */,
				A0566B1B2E8D6CFE00CE7954 /* Release */,
			);
			defaultConfigurationIsVisible = 0;
			defaultConfigurationName = Release;
		};
		A0566B172E8D6CFE00CE7954 /* Build configuration list for PBXNativeTarget "CD-Alerts" */ = {
			isa = XCConfigurationList;
			buildConfigurations = (
				A0566B182E8D6CFE00CE7954 /* Debug */,
				A0566B192E8D6CFE00CE7954 /* Release */,
			);
			defaultConfigurationIsVisible = 0;
			defaultConfigurationName = Release;
		};
		A0566B1C2E8D6CFE00CE7954 /* Build configuration list for PBXNativeTarget "CD-AlertsTests" */ = {
			isa = XCConfigurationList;
			buildConfigurations = (
				A0566B1D2E8D6CFE00CE7954 /* Debug */,
				A0566B1E2E8D6CFE00CE7954 /* Release */,
			);
			defaultConfigurationIsVisible = 0;
			defaultConfigurationName = Release;
		};
		A0566B1F2E8D6CFE00CE7954 /* Build configuration list for PBXNativeTarget "CD-AlertsUITests" */ = {
			isa = XCConfigurationList;
			buildConfigurations = (
				A0566B202E8D6CFE00CE7954 /* Debug */,
				A0566B212E8D6CFE00CE7954 /* Release */,
			);
			defaultConfigurationIsVisible = 0;
			defaultConfigurationName = Release;
		};
/* End XCConfigurationList section */
	};
	rootObject = A0566AE62E8D6CFC00CE7954 /* Project object */;
}
