// !$*UTF8*$!
{
	archiveVersion = 1;
	classes = {
	};
	objectVersion = 77;
	objects = {

/* Begin PBXContainerItemProxy section */
		A0A4AC232E7D9E7D000AC39D /* PBXContainerItemProxy */ = {
			isa = PBXContainerItemProxy;
			containerPortal = A0A4AC042E7D9E7B000AC39D /* Project object */;
			proxyType = 1;
			remoteGlobalIDString = A0A4AC0B2E7D9E7B000AC39D;
			remoteInfo = "CD-Tableviews";
		};
		A0A4AC2D2E7D9E7D000AC39D /* PBXContainerItemProxy */ = {
			isa = PBXContainerItemProxy;
			containerPortal = A0A4AC042E7D9E7B000AC39D /* Project object */;
			proxyType = 1;
			remoteGlobalIDString = A0A4AC0B2E7D9E7B000AC39D;
			remoteInfo = "CD-Tableviews";
		};
/* End PBXContainerItemProxy section */

/* Begin PBXFileReference section */
		A0A4AC0C2E7D9E7B000AC39D /* CD-Tableviews.app */ = {isa = PBXFileReference; explicitFileType = wrapper.application; includeInIndex = 0; path = "CD-Tableviews.app"; sourceTree = BUILT_PRODUCTS_DIR; };
		A0A4AC222E7D9E7D000AC39D /* CD-TableviewsTests.xctest */ = {isa = PBXFileReference; explicitFileType = wrapper.cfbundle; includeInIndex = 0; path = "CD-TableviewsTests.xctest"; sourceTree = BUILT_PRODUCTS_DIR; };
		A0A4AC2C2E7D9E7D000AC39D /* CD-TableviewsUITests.xctest */ = {isa = PBXFileReference; explicitFileType = wrapper.cfbundle; includeInIndex = 0; path = "CD-TableviewsUITests.xctest"; sourceTree = BUILT_PRODUCTS_DIR; };
/* End PBXFileReference section */

/* Begin PBXFileSystemSynchronizedBuildFileExceptionSet section */
		A0A4AC342E7D9E7D000AC39D /* Exceptions for "CD-Tableviews" folder in "CD-Tableviews" target */ = {
			isa = PBXFileSystemSynchronizedBuildFileExceptionSet;
			membershipExceptions = (
				Info.plist,
			);
			target = A0A4AC0B2E7D9E7B000AC39D /* CD-Tableviews */;
		};
/* End PBXFileSystemSynchronizedBuildFileExceptionSet section */

/* Begin PBXFileSystemSynchronizedRootGroup section */
		A0A4AC0E2E7D9E7B000AC39D /* CD-Tableviews */ = {
			isa = PBXFileSystemSynchronizedRootGroup;
			exceptions = (
				A0A4AC342E7D9E7D000AC39D /* Exceptions for "CD-Tableviews" folder in "CD-Tableviews" target */,
			);
			path = "CD-Tableviews";
			sourceTree = "<group>";
		};
		A0A4AC252E7D9E7D000AC39D /* CD-TableviewsTests */ = {
			isa = PBXFileSystemSynchronizedRootGroup;
			path = "CD-TableviewsTests";
			sourceTree = "<group>";
		};
		A0A4AC2F2E7D9E7D000AC39D /* CD-TableviewsUITests */ = {
			isa = PBXFileSystemSynchronizedRootGroup;
			path = "CD-TableviewsUITests";
			sourceTree = "<group>";
		};
/* End PBXFileSystemSynchronizedRootGroup section */

/* Begin PBXFrameworksBuildPhase section */
		A0A4AC092E7D9E7B000AC39D /* Frameworks */ = {
			isa = PBXFrameworksBuildPhase;
			buildActionMask = 2147483647;
			files = (
			);
			runOnlyForDeploymentPostprocessing = 0;
		};
		A0A4AC1F2E7D9E7D000AC39D /* Frameworks */ = {
			isa = PBXFrameworksBuildPhase;
			buildActionMask = 2147483647;
			files = (
			);
			runOnlyForDeploymentPostprocessing = 0;
		};
		A0A4AC292E7D9E7D000AC39D /* Frameworks */ = {
			isa = PBXFrameworksBuildPhase;
			buildActionMask = 2147483647;
			files = (
			);
			runOnlyForDeploymentPostprocessing = 0;
		};
/* End PBXFrameworksBuildPhase section */

/* Begin PBXGroup section */
		A0A4AC032E7D9E7B000AC39D = {
			isa = PBXGroup;
			children = (
				A0A4AC0E2E7D9E7B000AC39D /* CD-Tableviews */,
				A0A4AC252E7D9E7D000AC39D /* CD-TableviewsTests */,
				A0A4AC2F2E7D9E7D000AC39D /* CD-TableviewsUITests */,
				A0A4AC0D2E7D9E7B000AC39D /* Products */,
			);
			sourceTree = "<group>";
		};
		A0A4AC0D2E7D9E7B000AC39D /* Products */ = {
			isa = PBXGroup;
			children = (
				A0A4AC0C2E7D9E7B000AC39D /* CD-Tableviews.app */,
				A0A4AC222E7D9E7D000AC39D /* CD-TableviewsTests.xctest */,
				A0A4AC2C2E7D9E7D000AC39D /* CD-TableviewsUITests.xctest */,
			);
			name = Products;
			sourceTree = "<group>";
		};
/* End PBXGroup section */

/* Begin PBXNativeTarget section */
		A0A4AC0B2E7D9E7B000AC39D /* CD-Tableviews */ = {
			isa = PBXNativeTarget;
			buildConfigurationList = A0A4AC352E7D9E7D000AC39D /* Build configuration list for PBXNativeTarget "CD-Tableviews" */;
			buildPhases = (
				A0A4AC082E7D9E7B000AC39D /* Sources */,
				A0A4AC092E7D9E7B000AC39D /* Frameworks */,
				A0A4AC0A2E7D9E7B000AC39D /* Resources */,
			);
			buildRules = (
			);
			dependencies = (
			);
			fileSystemSynchronizedGroups = (
				A0A4AC0E2E7D9E7B000AC39D /* CD-Tableviews */,
			);
			name = "CD-Tableviews";
			packageProductDependencies = (
			);
			productName = "CD-Tableviews";
			productReference = A0A4AC0C2E7D9E7B000AC39D /* CD-Tableviews.app */;
			productType = "com.apple.product-type.application";
		};
		A0A4AC212E7D9E7D000AC39D /* CD-TableviewsTests */ = {
			isa = PBXNativeTarget;
			buildConfigurationList = A0A4AC3A2E7D9E7D000AC39D /* Build configuration list for PBXNativeTarget "CD-TableviewsTests" */;
			buildPhases = (
				A0A4AC1E2E7D9E7D000AC39D /* Sources */,
				A0A4AC1F2E7D9E7D000AC39D /* Frameworks */,
				A0A4AC202E7D9E7D000AC39D /* Resources */,
			);
			buildRules = (
			);
			dependencies = (
				A0A4AC242E7D9E7D000AC39D /* PBXTargetDependency */,
			);
			fileSystemSynchronizedGroups = (
				A0A4AC252E7D9E7D000AC39D /* CD-TableviewsTests */,
			);
			name = "CD-TableviewsTests";
			packageProductDependencies = (
			);
			productName = "CD-TableviewsTests";
			productReference = A0A4AC222E7D9E7D000AC39D /* CD-TableviewsTests.xctest */;
			productType = "com.apple.product-type.bundle.unit-test";
		};
		A0A4AC2B2E7D9E7D000AC39D /* CD-TableviewsUITests */ = {
			isa = PBXNativeTarget;
			buildConfigurationList = A0A4AC3D2E7D9E7D000AC39D /* Build configuration list for PBXNativeTarget "CD-TableviewsUITests" */;
			buildPhases = (
				A0A4AC282E7D9E7D000AC39D /* Sources */,
				A0A4AC292E7D9E7D000AC39D /* Frameworks */,
				A0A4AC2A2E7D9E7D000AC39D /* Resources */,
			);
			buildRules = (
			);
			dependencies = (
				A0A4AC2E2E7D9E7D000AC39D /* PBXTargetDependency */,
			);
			fileSystemSynchronizedGroups = (
				A0A4AC2F2E7D9E7D000AC39D /* CD-TableviewsUITests */,
			);
			name = "CD-TableviewsUITests";
			packageProductDependencies = (
			);
			productName = "CD-TableviewsUITests";
			productReference = A0A4AC2C2E7D9E7D000AC39D /* CD-TableviewsUITests.xctest */;
			productType = "com.apple.product-type.bundle.ui-testing";
		};
/* End PBXNativeTarget section */

/* Begin PBXProject section */
		A0A4AC042E7D9E7B000AC39D /* Project object */ = {
			isa = PBXProject;
			attributes = {
				BuildIndependentTargetsInParallel = 1;
				LastSwiftUpdateCheck = 1640;
				LastUpgradeCheck = 1640;
				TargetAttributes = {
					A0A4AC0B2E7D9E7B000AC39D = {
						CreatedOnToolsVersion = 16.4;
					};
					A0A4AC212E7D9E7D000AC39D = {
						CreatedOnToolsVersion = 16.4;
						TestTargetID = A0A4AC0B2E7D9E7B000AC39D;
					};
					A0A4AC2B2E7D9E7D000AC39D = {
						CreatedOnToolsVersion = 16.4;
						TestTargetID = A0A4AC0B2E7D9E7B000AC39D;
					};
				};
			};
			buildConfigurationList = A0A4AC072E7D9E7B000AC39D /* Build configuration list for PBXProject "CD-Tableviews" */;
			developmentRegion = en;
			hasScannedForEncodings = 0;
			knownRegions = (
				en,
				Base,
			);
			mainGroup = A0A4AC032E7D9E7B000AC39D;
			minimizedProjectReferenceProxies = 1;
			preferredProjectObjectVersion = 77;
			productRefGroup = A0A4AC0D2E7D9E7B000AC39D /* Products */;
			projectDirPath = "";
			projectRoot = "";
			targets = (
				A0A4AC0B2E7D9E7B000AC39D /* CD-Tableviews */,
				A0A4AC212E7D9E7D000AC39D /* CD-TableviewsTests */,
				A0A4AC2B2E7D9E7D000AC39D /* CD-TableviewsUITests */,
			);
		};
/* End PBXProject section */

/* Begin PBXResourcesBuildPhase section */
		A0A4AC0A2E7D9E7B000AC39D /* Resources */ = {
			isa = PBXResourcesBuildPhase;
			buildActionMask = 2147483647;
			files = (
			);
			runOnlyForDeploymentPostprocessing = 0;
		};
		A0A4AC202E7D9E7D000AC39D /* Resources */ = {
			isa = PBXResourcesBuildPhase;
			buildActionMask = 2147483647;
			files = (
			);
			runOnlyForDeploymentPostprocessing = 0;
		};
		A0A4AC2A2E7D9E7D000AC39D /* Resources */ = {
			isa = PBXResourcesBuildPhase;
			buildActionMask = 2147483647;
			files = (
			);
			runOnlyForDeploymentPostprocessing = 0;
		};
/* End PBXResourcesBuildPhase section */

/* Begin PBXSourcesBuildPhase section */
		A0A4AC082E7D9E7B000AC39D /* Sources */ = {
			isa = PBXSourcesBuildPhase;
			buildActionMask = 2147483647;
			files = (
			);
			runOnlyForDeploymentPostprocessing = 0;
		};
		A0A4AC1E2E7D9E7D000AC39D /* Sources */ = {
			isa = PBXSourcesBuildPhase;
			buildActionMask = 2147483647;
			files = (
			);
			runOnlyForDeploymentPostprocessing = 0;
		};
		A0A4AC282E7D9E7D000AC39D /* Sources */ = {
			isa = PBXSourcesBuildPhase;
			buildActionMask = 2147483647;
			files = (
			);
			runOnlyForDeploymentPostprocessing = 0;
		};
/* End PBXSourcesBuildPhase section */

/* Begin PBXTargetDependency section */
		A0A4AC242E7D9E7D000AC39D /* PBXTargetDependency */ = {
			isa = PBXTargetDependency;
			target = A0A4AC0B2E7D9E7B000AC39D /* CD-Tableviews */;
			targetProxy = A0A4AC232E7D9E7D000AC39D /* PBXContainerItemProxy */;
		};
		A0A4AC2E2E7D9E7D000AC39D /* PBXTargetDependency */ = {
			isa = PBXTargetDependency;
			target = A0A4AC0B2E7D9E7B000AC39D /* CD-Tableviews */;
			targetProxy = A0A4AC2D2E7D9E7D000AC39D /* PBXContainerItemProxy */;
		};
/* End PBXTargetDependency section */

/* Begin XCBuildConfiguration section */
		A0A4AC362E7D9E7D000AC39D /* Debug */ = {
			isa = XCBuildConfiguration;
			buildSettings = {
				ASSETCATALOG_COMPILER_APPICON_NAME = AppIcon;
				ASSETCATALOG_COMPILER_GLOBAL_ACCENT_COLOR_NAME = AccentColor;
				CODE_SIGN_STYLE = Automatic;
				CURRENT_PROJECT_VERSION = 1;
				DEVELOPMENT_TEAM = Q3DG9KU587;
				GENERATE_INFOPLIST_FILE = YES;
				INFOPLIST_FILE = "CD-Tableviews/Info.plist";
				INFOPLIST_KEY_UIApplicationSupportsIndirectInputEvents = YES;
				INFOPLIST_KEY_UILaunchStoryboardName = LaunchScreen;
				INFOPLIST_KEY_UIMainStoryboardFile = Main;
				INFOPLIST_KEY_UISupportedInterfaceOrientations_iPad = "UIInterfaceOrientationPortrait UIInterfaceOrientationPortraitUpsideDown UIInterfaceOrientationLandscapeLeft UIInterfaceOrientationLandscapeRight";
				INFOPLIST_KEY_UISupportedInterfaceOrientations_iPhone = "UIInterfaceOrientationPortrait UIInterfaceOrientationLandscapeLeft UIInterfaceOrientationLandscapeRight";
				LD_RUNPATH_SEARCH_PATHS = (
					"$(inherited)",
					"@executable_path/Frameworks",
				);
				MARKETING_VERSION = 1.0;
				PRODUCT_BUNDLE_IDENTIFIER = "utcs.CD-Tableviews";
				PRODUCT_NAME = "$(TARGET_NAME)";
				SWIFT_EMIT_LOC_STRINGS = YES;
				SWIFT_VERSION = 5.0;
				TARGETED_DEVICE_FAMILY = "1,2";
			};
			name = Debug;
		};
		A0A4AC372E7D9E7D000AC39D /* Release */ = {
			isa = XCBuildConfiguration;
			buildSettings = {
				ASSETCATALOG_COMPILER_APPICON_NAME = AppIcon;
				ASSETCATALOG_COMPILER_GLOBAL_ACCENT_COLOR_NAME = AccentColor;
				CODE_SIGN_STYLE = Automatic;
				CURRENT_PROJECT_VERSION = 1;
				DEVELOPMENT_TEAM = Q3DG9KU587;
				GENERATE_INFOPLIST_FILE = YES;
				INFOPLIST_FILE = "CD-Tableviews/Info.plist";
				INFOPLIST_KEY_UIApplicationSupportsIndirectInputEvents = YES;
				INFOPLIST_KEY_UILaunchStoryboardName = LaunchScreen;
				INFOPLIST_KEY_UIMainStoryboardFile = Main;
				INFOPLIST_KEY_UISupportedInterfaceOrientations_iPad = "UIInterfaceOrientationPortrait UIInterfaceOrientationPortraitUpsideDown UIInterfaceOrientationLandscapeLeft UIInterfaceOrientationLandscapeRight";
				INFOPLIST_KEY_UISupportedInterfaceOrientations_iPhone = "UIInterfaceOrientationPortrait UIInterfaceOrientationLandscapeLeft UIInterfaceOrientationLandscapeRight";
				LD_RUNPATH_SEARCH_PATHS = (
					"$(inherited)",
					"@executable_path/Frameworks",
				);
				MARKETING_VERSION = 1.0;
				PRODUCT_BUNDLE_IDENTIFIER = "utcs.CD-Tableviews";
				PRODUCT_NAME = "$(TARGET_NAME)";
				SWIFT_EMIT_LOC_STRINGS = YES;
				SWIFT_VERSION = 5.0;
				TARGETED_DEVICE_FAMILY = "1,2";
			};
			name = Release;
		};
		A0A4AC382E7D9E7D000AC39D /* Debug */ = {
			isa = XCBuildConfiguration;
			buildSettings = {
				ALWAYS_SEARCH_USER_PATHS = NO;
				ASSETCATALOG_COMPILER_GENERATE_SWIFT_ASSET_SYMBOL_EXTENSIONS = YES;
				CLANG_ANALYZER_NONNULL = YES;
				CLANG_ANALYZER_NUMBER_OBJECT_CONVERSION = YES_AGGRESSIVE;
				CLANG_CXX_LANGUAGE_STANDARD = "gnu++20";
				CLANG_ENABLE_MODULES = YES;
				CLANG_ENABLE_OBJC_ARC = YES;
				CLANG_ENABLE_OBJC_WEAK = YES;
				CLANG_WARN_BLOCK_CAPTURE_AUTORELEASING = YES;
				CLANG_WARN_BOOL_CONVERSION = YES;
				CLANG_WARN_COMMA = YES;
				CLANG_WARN_CONSTANT_CONVERSION = YES;
				CLANG_WARN_DEPRECATED_OBJC_IMPLEMENTATIONS = YES;
				CLANG_WARN_DIRECT_OBJC_ISA_USAGE = YES_ERROR;
				CLANG_WARN_DOCUMENTATION_COMMENTS = YES;
				CLANG_WARN_EMPTY_BODY = YES;
				CLANG_WARN_ENUM_CONVERSION = YES;
				CLANG_WARN_INFINITE_RECURSION = YES;
				CLANG_WARN_INT_CONVERSION = YES;
				CLANG_WARN_NON_LITERAL_NULL_CONVERSION = YES;
				CLANG_WARN_OBJC_IMPLICIT_RETAIN_SELF = YES;
				CLANG_WARN_OBJC_LITERAL_CONVERSION = YES;
				CLANG_WARN_OBJC_ROOT_CLASS = YES_ERROR;
				CLANG_WARN_QUOTED_INCLUDE_IN_FRAMEWORK_HEADER = YES;
				CLANG_WARN_RANGE_LOOP_ANALYSIS = YES;
				CLANG_WARN_STRICT_PROTOTYPES = YES;
				CLANG_WARN_SUSPICIOUS_MOVE = YES;
				CLANG_WARN_UNGUARDED_AVAILABILITY = YES_AGGRESSIVE;
				CLANG_WARN_UNREACHABLE_CODE = YES;
				CLANG_WARN__DUPLICATE_METHOD_MATCH = YES;
				COPY_PHASE_STRIP = NO;
				DEBUG_INFORMATION_FORMAT = dwarf;
				DEVELOPMENT_TEAM = Q3DG9KU587;
				ENABLE_STRICT_OBJC_MSGSEND = YES;
				ENABLE_TESTABILITY = YES;
				ENABLE_USER_SCRIPT_SANDBOXING = YES;
				GCC_C_LANGUAGE_STANDARD = gnu17;
				GCC_DYNAMIC_NO_PIC = NO;
				GCC_NO_COMMON_BLOCKS = YES;
				GCC_OPTIMIZATION_LEVEL = 0;
				GCC_PREPROCESSOR_DEFINITIONS = (
					"DEBUG=1",
					"$(inherited)",
				);
				GCC_WARN_64_TO_32_BIT_CONVERSION = YES;
				GCC_WARN_ABOUT_RETURN_TYPE = YES_ERROR;
				GCC_WARN_UNDECLARED_SELECTOR = YES;
				GCC_WARN_UNINITIALIZED_AUTOS = YES_AGGRESSIVE;
				GCC_WARN_UNUSED_FUNCTION = YES;
				GCC_WARN_UNUSED_VARIABLE = YES;
				IPHONEOS_DEPLOYMENT_TARGET = 18.5;
				LOCALIZATION_PREFERS_STRING_CATALOGS = YES;
				MTL_ENABLE_DEBUG_INFO = INCLUDE_SOURCE;
				MTL_FAST_MATH = YES;
				ONLY_ACTIVE_ARCH = YES;
				SDKROOT = iphoneos;
				SWIFT_ACTIVE_COMPILATION_CONDITIONS = "DEBUG $(inherited)";
				SWIFT_OPTIMIZATION_LEVEL = "-Onone";
			};
			name = Debug;
		};
		A0A4AC392E7D9E7D000AC39D /* Release */ = {
			isa = XCBuildConfiguration;
			buildSettings = {
				ALWAYS_SEARCH_USER_PATHS = NO;
				ASSETCATALOG_COMPILER_GENERATE_SWIFT_ASSET_SYMBOL_EXTENSIONS = YES;
				CLANG_ANALYZER_NONNULL = YES;
				CLANG_ANALYZER_NUMBER_OBJECT_CONVERSION = YES_AGGRESSIVE;
				CLANG_CXX_LANGUAGE_STANDARD = "gnu++20";
				CLANG_ENABLE_MODULES = YES;
				CLANG_ENABLE_OBJC_ARC = YES;
				CLANG_ENABLE_OBJC_WEAK = YES;
				CLANG_WARN_BLOCK_CAPTURE_AUTORELEASING = YES;
				CLANG_WARN_BOOL_CONVERSION = YES;
				CLANG_WARN_COMMA = YES;
				CLANG_WARN_CONSTANT_CONVERSION = YES;
				CLANG_WARN_DEPRECATED_OBJC_IMPLEMENTATIONS = YES;
				CLANG_WARN_DIRECT_OBJC_ISA_USAGE = YES_ERROR;
				CLANG_WARN_DOCUMENTATION_COMMENTS = YES;
				CLANG_WARN_EMPTY_BODY = YES;
				CLANG_WARN_ENUM_CONVERSION = YES;
				CLANG_WARN_INFINITE_RECURSION = YES;
				CLANG_WARN_INT_CONVERSION = YES;
				CLANG_WARN_NON_LITERAL_NULL_CONVERSION = YES;
				CLANG_WARN_OBJC_IMPLICIT_RETAIN_SELF = YES;
				CLANG_WARN_OBJC_LITERAL_CONVERSION = YES;
				CLANG_WARN_OBJC_ROOT_CLASS = YES_ERROR;
				CLANG_WARN_QUOTED_INCLUDE_IN_FRAMEWORK_HEADER = YES;
				CLANG_WARN_RANGE_LOOP_ANALYSIS = YES;
				CLANG_WARN_STRICT_PROTOTYPES = YES;
				CLANG_WARN_SUSPICIOUS_MOVE = YES;
				CLANG_WARN_UNGUARDED_AVAILABILITY = YES_AGGRESSIVE;
				CLANG_WARN_UNREACHABLE_CODE = YES;
				CLANG_WARN__DUPLICATE_METHOD_MATCH = YES;
				COPY_PHASE_STRIP = NO;
				DEBUG_INFORMATION_FORMAT = "dwarf-with-dsym";
				DEVELOPMENT_TEAM = Q3DG9KU587;
				ENABLE_NS_ASSERTIONS = NO;
				ENABLE_STRICT_OBJC_MSGSEND = YES;
				ENABLE_USER_SCRIPT_SANDBOXING = YES;
				GCC_C_LANGUAGE_STANDARD = gnu17;
				GCC_NO_COMMON_BLOCKS = YES;
				GCC_WARN_64_TO_32_BIT_CONVERSION = YES;
				GCC_WARN_ABOUT_RETURN_TYPE = YES_ERROR;
				GCC_WARN_UNDECLARED_SELECTOR = YES;
				GCC_WARN_UNINITIALIZED_AUTOS = YES_AGGRESSIVE;
				GCC_WARN_UNUSED_FUNCTION = YES;
				GCC_WARN_UNUSED_VARIABLE = YES;
				IPHONEOS_DEPLOYMENT_TARGET = 18.5;
				LOCALIZATION_PREFERS_STRING_CATALOGS = YES;
				MTL_ENABLE_DEBUG_INFO = NO;
				MTL_FAST_MATH = YES;
				SDKROOT = iphoneos;
				SWIFT_COMPILATION_MODE = wholemodule;
				VALIDATE_PRODUCT = YES;
			};
			name = Release;
		};
		A0A4AC3B2E7D9E7D000AC39D /* Debug */ = {
			isa = XCBuildConfiguration;
			buildSettings = {
				BUNDLE_LOADER = "$(TEST_HOST)";
				CODE_SIGN_STYLE = Automatic;
				CURRENT_PROJECT_VERSION = 1;
				DEVELOPMENT_TEAM = Q3DG9KU587;
				GENERATE_INFOPLIST_FILE = YES;
				IPHONEOS_DEPLOYMENT_TARGET = 18.5;
				MARKETING_VERSION = 1.0;
				PRODUCT_BUNDLE_IDENTIFIER = "utcs.CD-TableviewsTests";
				PRODUCT_NAME = "$(TARGET_NAME)";
				SWIFT_EMIT_LOC_STRINGS = NO;
				SWIFT_VERSION = 5.0;
				TARGETED_DEVICE_FAMILY = "1,2";
				TEST_HOST = "$(BUILT_PRODUCTS_DIR)/CD-Tableviews.app/$(BUNDLE_EXECUTABLE_FOLDER_PATH)/CD-Tableviews";
			};
			name = Debug;
		};
		A0A4AC3C2E7D9E7D000AC39D /* Release */ = {
			isa = XCBuildConfiguration;
			buildSettings = {
				BUNDLE_LOADER = "$(TEST_HOST)";
				CODE_SIGN_STYLE = Automatic;
				CURRENT_PROJECT_VERSION = 1;
				DEVELOPMENT_TEAM = Q3DG9KU587;
				GENERATE_INFOPLIST_FILE = YES;
				IPHONEOS_DEPLOYMENT_TARGET = 18.5;
				MARKETING_VERSION = 1.0;
				PRODUCT_BUNDLE_IDENTIFIER = "utcs.CD-TableviewsTests";
				PRODUCT_NAME = "$(TARGET_NAME)";
				SWIFT_EMIT_LOC_STRINGS = NO;
				SWIFT_VERSION = 5.0;
				TARGETED_DEVICE_FAMILY = "1,2";
				TEST_HOST = "$(BUILT_PRODUCTS_DIR)/CD-Tableviews.app/$(BUNDLE_EXECUTABLE_FOLDER_PATH)/CD-Tableviews";
			};
			name = Release;
		};
		A0A4AC3E2E7D9E7D000AC39D /* Debug */ = {
			isa = XCBuildConfiguration;
			buildSettings = {
				CODE_SIGN_STYLE = Automatic;
				CURRENT_PROJECT_VERSION = 1;
				DEVELOPMENT_TEAM = Q3DG9KU587;
				GENERATE_INFOPLIST_FILE = YES;
				MARKETING_VERSION = 1.0;
				PRODUCT_BUNDLE_IDENTIFIER = "utcs.CD-TableviewsUITests";
				PRODUCT_NAME = "$(TARGET_NAME)";
				SWIFT_EMIT_LOC_STRINGS = NO;
				SWIFT_VERSION = 5.0;
				TARGETED_DEVICE_FAMILY = "1,2";
				TEST_TARGET_NAME = "CD-Tableviews";
			};
			name = Debug;
		};
		A0A4AC3F2E7D9E7D000AC39D /* Release */ = {
			isa = XCBuildConfiguration;
			buildSettings = {
				CODE_SIGN_STYLE = Automatic;
				CURRENT_PROJECT_VERSION = 1;
				DEVELOPMENT_TEAM = Q3DG9KU587;
				GENERATE_INFOPLIST_FILE = YES;
				MARKETING_VERSION = 1.0;
				PRODUCT_BUNDLE_IDENTIFIER = "utcs.CD-TableviewsUITests";
				PRODUCT_NAME = "$(TARGET_NAME)";
				SWIFT_EMIT_LOC_STRINGS = NO;
				SWIFT_VERSION = 5.0;
				TARGETED_DEVICE_FAMILY = "1,2";
				TEST_TARGET_NAME = "CD-Tableviews";
			};
			name = Release;
		};
/* End XCBuildConfiguration section */

/* Begin XCConfigurationList section */
		A0A4AC072E7D9E7B000AC39D /* Build configuration list for PBXProject "CD-Tableviews" */ = {
			isa = XCConfigurationList;
			buildConfigurations = (
				A0A4AC382E7D9E7D000AC39D /* Debug */,
				A0A4AC392E7D9E7D000AC39D /* Release */,
			);
			defaultConfigurationIsVisible = 0;
			defaultConfigurationName = Release;
		};
		A0A4AC352E7D9E7D000AC39D /* Build configuration list for PBXNativeTarget "CD-Tableviews" */ = {
			isa = XCConfigurationList;
			buildConfigurations = (
				A0A4AC362E7D9E7D000AC39D /* Debug */,
				A0A4AC372E7D9E7D000AC39D /* Release */,
			);
			defaultConfigurationIsVisible = 0;
			defaultConfigurationName = Release;
		};
		A0A4AC3A2E7D9E7D000AC39D /* Build configuration list for PBXNativeTarget "CD-TableviewsTests" */ = {
			isa = XCConfigurationList;
			buildConfigurations = (
				A0A4AC3B2E7D9E7D000AC39D /* Debug */,
				A0A4AC3C2E7D9E7D000AC39D /* Release */,
			);
			defaultConfigurationIsVisible = 0;
			defaultConfigurationName = Release;
		};
		A0A4AC3D2E7D9E7D000AC39D /* Build configuration list for PBXNativeTarget "CD-TableviewsUITests" */ = {
			isa = XCConfigurationList;
			buildConfigurations = (
				A0A4AC3E2E7D9E7D000AC39D /* Debug */,
				A0A4AC3F2E7D9E7D000AC39D /* Release */,
			);
			defaultConfigurationIsVisible = 0;
			defaultConfigurationName = Release;
		};
/* End XCConfigurationList section */
	};
	rootObject = A0A4AC042E7D9E7B000AC39D /* Project object */;
}
