// !$*UTF8*$!
{
	archiveVersion = 1;
	classes = {
	};
	objectVersion = 77;
	objects = {

/* Begin PBXContainerItemProxy section */
		A07EC9EE2EC25DA500DC54A9 /* PBXContainerItemProxy */ = {
			isa = PBXContainerItemProxy;
			containerPortal = A07EC9CF2EC25DA300DC54A9 /* Project object */;
			proxyType = 1;
			remoteGlobalIDString = A07EC9D62EC25DA300DC54A9;
			remoteInfo = "ChiangLucas-HW8";
		};
		A07EC9F82EC25DA500DC54A9 /* PBXContainerItemProxy */ = {
			isa = PBXContainerItemProxy;
			containerPortal = A07EC9CF2EC25DA300DC54A9 /* Project object */;
			proxyType = 1;
			remoteGlobalIDString = A07EC9D62EC25DA300DC54A9;
			remoteInfo = "ChiangLucas-HW8";
		};
/* End PBXContainerItemProxy section */

/* Begin PBXFileReference section */
		A07EC9D72EC25DA300DC54A9 /* ChiangLucas-HW8.app */ = {isa = PBXFileReference; explicitFileType = wrapper.application; includeInIndex = 0; path = "ChiangLucas-HW8.app"; sourceTree = BUILT_PRODUCTS_DIR; };
		A07EC9ED2EC25DA500DC54A9 /* ChiangLucas-HW8Tests.xctest */ = {isa = PBXFileReference; explicitFileType = wrapper.cfbundle; includeInIndex = 0; path = "ChiangLucas-HW8Tests.xctest"; sourceTree = BUILT_PRODUCTS_DIR; };
		A07EC9F72EC25DA500DC54A9 /* ChiangLucas-HW8UITests.xctest */ = {isa = PBXFileReference; explicitFileType = wrapper.cfbundle; includeInIndex = 0; path = "ChiangLucas-HW8UITests.xctest"; sourceTree = BUILT_PRODUCTS_DIR; };
/* End PBXFileReference section */

/* Begin PBXFileSystemSynchronizedBuildFileExceptionSet section */
		A07EC9FF2EC25DA500DC54A9 /* Exceptions for "ChiangLucas-HW8" folder in "ChiangLucas-HW8" target */ = {
			isa = PBXFileSystemSynchronizedBuildFileExceptionSet;
			membershipExceptions = (
				Info.plist,
			);
			target = A07EC9D62EC25DA300DC54A9 /* ChiangLucas-HW8 */;
		};
/* End PBXFileSystemSynchronizedBuildFileExceptionSet section */

/* Begin PBXFileSystemSynchronizedRootGroup section */
		A07EC9D92EC25DA300DC54A9 /* ChiangLucas-HW8 */ = {
			isa = PBXFileSystemSynchronizedRootGroup;
			exceptions = (
				A07EC9FF2EC25DA500DC54A9 /* Exceptions for "ChiangLucas-HW8" folder in "ChiangLucas-HW8" target */,
			);
			path = "ChiangLucas-HW8";
			sourceTree = "<group>";
		};
		A07EC9F02EC25DA500DC54A9 /* ChiangLucas-HW8Tests */ = {
			isa = PBXFileSystemSynchronizedRootGroup;
			path = "ChiangLucas-HW8Tests";
			sourceTree = "<group>";
		};
		A07EC9FA2EC25DA500DC54A9 /* ChiangLucas-HW8UITests */ = {
			isa = PBXFileSystemSynchronizedRootGroup;
			path = "ChiangLucas-HW8UITests";
			sourceTree = "<group>";
		};
/* End PBXFileSystemSynchronizedRootGroup section */

/* Begin PBXFrameworksBuildPhase section */
		A07EC9D42EC25DA300DC54A9 /* Frameworks */ = {
			isa = PBXFrameworksBuildPhase;
			buildActionMask = 2147483647;
			files = (
			);
			runOnlyForDeploymentPostprocessing = 0;
		};
		A07EC9EA2EC25DA500DC54A9 /* Frameworks */ = {
			isa = PBXFrameworksBuildPhase;
			buildActionMask = 2147483647;
			files = (
			);
			runOnlyForDeploymentPostprocessing = 0;
		};
		A07EC9F42EC25DA500DC54A9 /* Frameworks */ = {
			isa = PBXFrameworksBuildPhase;
			buildActionMask = 2147483647;
			files = (
			);
			runOnlyForDeploymentPostprocessing = 0;
		};
/* End PBXFrameworksBuildPhase section */

/* Begin PBXGroup section */
		A07EC9CE2EC25DA300DC54A9 = {
			isa = PBXGroup;
			children = (
				A07EC9D92EC25DA300DC54A9 /* ChiangLucas-HW8 */,
				A07EC9F02EC25DA500DC54A9 /* ChiangLucas-HW8Tests */,
				A07EC9FA2EC25DA500DC54A9 /* ChiangLucas-HW8UITests */,
				A07EC9D82EC25DA300DC54A9 /* Products */,
			);
			sourceTree = "<group>";
		};
		A07EC9D82EC25DA300DC54A9 /* Products */ = {
			isa = PBXGroup;
			children = (
				A07EC9D72EC25DA300DC54A9 /* ChiangLucas-HW8.app */,
				A07EC9ED2EC25DA500DC54A9 /* ChiangLucas-HW8Tests.xctest */,
				A07EC9F72EC25DA500DC54A9 /* ChiangLucas-HW8UITests.xctest */,
			);
			name = Products;
			sourceTree = "<group>";
		};
/* End PBXGroup section */

/* Begin PBXNativeTarget section */
		A07EC9D62EC25DA300DC54A9 /* ChiangLucas-HW8 */ = {
			isa = PBXNativeTarget;
			buildConfigurationList = A07ECA002EC25DA500DC54A9 /* Build configuration list for PBXNativeTarget "ChiangLucas-HW8" */;
			buildPhases = (
				A07EC9D32EC25DA300DC54A9 /* Sources */,
				A07EC9D42EC25DA300DC54A9 /* Frameworks */,
				A07EC9D52EC25DA300DC54A9 /* Resources */,
			);
			buildRules = (
			);
			dependencies = (
			);
			fileSystemSynchronizedGroups = (
				A07EC9D92EC25DA300DC54A9 /* ChiangLucas-HW8 */,
			);
			name = "ChiangLucas-HW8";
			packageProductDependencies = (
			);
			productName = "ChiangLucas-HW8";
			productReference = A07EC9D72EC25DA300DC54A9 /* ChiangLucas-HW8.app */;
			productType = "com.apple.product-type.application";
		};
		A07EC9EC2EC25DA500DC54A9 /* ChiangLucas-HW8Tests */ = {
			isa = PBXNativeTarget;
			buildConfigurationList = A07ECA052EC25DA500DC54A9 /* Build configuration list for PBXNativeTarget "ChiangLucas-HW8Tests" */;
			buildPhases = (
				A07EC9E92EC25DA500DC54A9 /* Sources */,
				A07EC9EA2EC25DA500DC54A9 /* Frameworks */,
				A07EC9EB2EC25DA500DC54A9 /* Resources */,
			);
			buildRules = (
			);
			dependencies = (
				A07EC9EF2EC25DA500DC54A9 /* PBXTargetDependency */,
			);
			fileSystemSynchronizedGroups = (
				A07EC9F02EC25DA500DC54A9 /* ChiangLucas-HW8Tests */,
			);
			name = "ChiangLucas-HW8Tests";
			packageProductDependencies = (
			);
			productName = "ChiangLucas-HW8Tests";
			productReference = A07EC9ED2EC25DA500DC54A9 /* ChiangLucas-HW8Tests.xctest */;
			productType = "com.apple.product-type.bundle.unit-test";
		};
		A07EC9F62EC25DA500DC54A9 /* ChiangLucas-HW8UITests */ = {
			isa = PBXNativeTarget;
			buildConfigurationList = A07ECA082EC25DA500DC54A9 /* Build configuration list for PBXNativeTarget "ChiangLucas-HW8UITests" */;
			buildPhases = (
				A07EC9F32EC25DA500DC54A9 /* Sources */,
				A07EC9F42EC25DA500DC54A9 /* Frameworks */,
				A07EC9F52EC25DA500DC54A9 /* Resources */,
			);
			buildRules = (
			);
			dependencies = (
				A07EC9F92EC25DA500DC54A9 /* PBXTargetDependency */,
			);
			fileSystemSynchronizedGroups = (
				A07EC9FA2EC25DA500DC54A9 /* ChiangLucas-HW8UITests */,
			);
			name = "ChiangLucas-HW8UITests";
			packageProductDependencies = (
			);
			productName = "ChiangLucas-HW8UITests";
			productReference = A07EC9F72EC25DA500DC54A9 /* ChiangLucas-HW8UITests.xctest */;
			productType = "com.apple.product-type.bundle.ui-testing";
		};
/* End PBXNativeTarget section */

/* Begin PBXProject section */
		A07EC9CF2EC25DA300DC54A9 /* Project object */ = {
			isa = PBXProject;
			attributes = {
				BuildIndependentTargetsInParallel = 1;
				LastSwiftUpdateCheck = 2610;
				LastUpgradeCheck = 2610;
				TargetAttributes = {
					A07EC9D62EC25DA300DC54A9 = {
						CreatedOnToolsVersion = 26.1;
					};
					A07EC9EC2EC25DA500DC54A9 = {
						CreatedOnToolsVersion = 26.1;
						TestTargetID = A07EC9D62EC25DA300DC54A9;
					};
					A07EC9F62EC25DA500DC54A9 = {
						CreatedOnToolsVersion = 26.1;
						TestTargetID = A07EC9D62EC25DA300DC54A9;
					};
				};
			};
			buildConfigurationList = A07EC9D22EC25DA300DC54A9 /* Build configuration list for PBXProject "ChiangLucas-HW8" */;
			developmentRegion = en;
			hasScannedForEncodings = 0;
			knownRegions = (
				en,
				Base,
			);
			mainGroup = A07EC9CE2EC25DA300DC54A9;
			minimizedProjectReferenceProxies = 1;
			preferredProjectObjectVersion = 77;
			productRefGroup = A07EC9D82EC25DA300DC54A9 /* Products */;
			projectDirPath = "";
			projectRoot = "";
			targets = (
				A07EC9D62EC25DA300DC54A9 /* ChiangLucas-HW8 */,
				A07EC9EC2EC25DA500DC54A9 /* ChiangLucas-HW8Tests */,
				A07EC9F62EC25DA500DC54A9 /* ChiangLucas-HW8UITests */,
			);
		};
/* End PBXProject section */

/* Begin PBXResourcesBuildPhase section */
		A07EC9D52EC25DA300DC54A9 /* Resources */ = {
			isa = PBXResourcesBuildPhase;
			buildActionMask = 2147483647;
			files = (
			);
			runOnlyForDeploymentPostprocessing = 0;
		};
		A07EC9EB2EC25DA500DC54A9 /* Resources */ = {
			isa = PBXResourcesBuildPhase;
			buildActionMask = 2147483647;
			files = (
			);
			runOnlyForDeploymentPostprocessing = 0;
		};
		A07EC9F52EC25DA500DC54A9 /* Resources */ = {
			isa = PBXResourcesBuildPhase;
			buildActionMask = 2147483647;
			files = (
			);
			runOnlyForDeploymentPostprocessing = 0;
		};
/* End PBXResourcesBuildPhase section */

/* Begin PBXSourcesBuildPhase section */
		A07EC9D32EC25DA300DC54A9 /* Sources */ = {
			isa = PBXSourcesBuildPhase;
			buildActionMask = 2147483647;
			files = (
			);
			runOnlyForDeploymentPostprocessing = 0;
		};
		A07EC9E92EC25DA500DC54A9 /* Sources */ = {
			isa = PBXSourcesBuildPhase;
			buildActionMask = 2147483647;
			files = (
			);
			runOnlyForDeploymentPostprocessing = 0;
		};
		A07EC9F32EC25DA500DC54A9 /* Sources */ = {
			isa = PBXSourcesBuildPhase;
			buildActionMask = 2147483647;
			files = (
			);
			runOnlyForDeploymentPostprocessing = 0;
		};
/* End PBXSourcesBuildPhase section */

/* Begin PBXTargetDependency section */
		A07EC9EF2EC25DA500DC54A9 /* PBXTargetDependency */ = {
			isa = PBXTargetDependency;
			target = A07EC9D62EC25DA300DC54A9 /* ChiangLucas-HW8 */;
			targetProxy = A07EC9EE2EC25DA500DC54A9 /* PBXContainerItemProxy */;
		};
		A07EC9F92EC25DA500DC54A9 /* PBXTargetDependency */ = {
			isa = PBXTargetDependency;
			target = A07EC9D62EC25DA300DC54A9 /* ChiangLucas-HW8 */;
			targetProxy = A07EC9F82EC25DA500DC54A9 /* PBXContainerItemProxy */;
		};
/* End PBXTargetDependency section */

/* Begin XCBuildConfiguration section */
		A07ECA012EC25DA500DC54A9 /* Debug */ = {
			isa = XCBuildConfiguration;
			buildSettings = {
				ASSETCATALOG_COMPILER_APPICON_NAME = AppIcon;
				ASSETCATALOG_COMPILER_GLOBAL_ACCENT_COLOR_NAME = AccentColor;
				CODE_SIGN_STYLE = Automatic;
				CURRENT_PROJECT_VERSION = 1;
				DEVELOPMENT_TEAM = Q3DG9KU587;
				GENERATE_INFOPLIST_FILE = YES;
				INFOPLIST_FILE = "ChiangLucas-HW8/Info.plist";
				INFOPLIST_KEY_UIApplicationSupportsIndirectInputEvents = YES;
				INFOPLIST_KEY_UILaunchStoryboardName = LaunchScreen;
				INFOPLIST_KEY_UIMainStoryboardFile = Main;
				INFOPLIST_KEY_UISupportedInterfaceOrientations_iPad = "UIInterfaceOrientationPortrait UIInterfaceOrientationPortraitUpsideDown UIInterfaceOrientationLandscapeLeft UIInterfaceOrientationLandscapeRight";
				INFOPLIST_KEY_UISupportedInterfaceOrientations_iPhone = "UIInterfaceOrientationPortrait UIInterfaceOrientationLandscapeLeft UIInterfaceOrientationLandscapeRight";
				LD_RUNPATH_SEARCH_PATHS = (
					"$(inherited)",
					"@executable_path/Frameworks",
				);
				MARKETING_VERSION = 1.0;
				PRODUCT_BUNDLE_IDENTIFIER = "utcs.ChiangLucas-HW8";
				PRODUCT_NAME = "$(TARGET_NAME)";
				STRING_CATALOG_GENERATE_SYMBOLS = YES;
				SWIFT_APPROACHABLE_CONCURRENCY = YES;
				SWIFT_DEFAULT_ACTOR_ISOLATION = MainActor;
				SWIFT_EMIT_LOC_STRINGS = YES;
				SWIFT_UPCOMING_FEATURE_MEMBER_IMPORT_VISIBILITY = YES;
				SWIFT_VERSION = 5.0;
				TARGETED_DEVICE_FAMILY = "1,2";
			};
			name = Debug;
		};
		A07ECA022EC25DA500DC54A9 /* Release */ = {
			isa = XCBuildConfiguration;
			buildSettings = {
				ASSETCATALOG_COMPILER_APPICON_NAME = AppIcon;
				ASSETCATALOG_COMPILER_GLOBAL_ACCENT_COLOR_NAME = AccentColor;
				CODE_SIGN_STYLE = Automatic;
				CURRENT_PROJECT_VERSION = 1;
				DEVELOPMENT_TEAM = Q3DG9KU587;
				GENERATE_INFOPLIST_FILE = YES;
				INFOPLIST_FILE = "ChiangLucas-HW8/Info.plist";
				INFOPLIST_KEY_UIApplicationSupportsIndirectInputEvents = YES;
				INFOPLIST_KEY_UILaunchStoryboardName = LaunchScreen;
				INFOPLIST_KEY_UIMainStoryboardFile = Main;
				INFOPLIST_KEY_UISupportedInterfaceOrientations_iPad = "UIInterfaceOrientationPortrait UIInterfaceOrientationPortraitUpsideDown UIInterfaceOrientationLandscapeLeft UIInterfaceOrientationLandscapeRight";
				INFOPLIST_KEY_UISupportedInterfaceOrientations_iPhone = "UIInterfaceOrientationPortrait UIInterfaceOrientationLandscapeLeft UIInterfaceOrientationLandscapeRight";
				LD_RUNPATH_SEARCH_PATHS = (
					"$(inherited)",
					"@executable_path/Frameworks",
				);
				MARKETING_VERSION = 1.0;
				PRODUCT_BUNDLE_IDENTIFIER = "utcs.ChiangLucas-HW8";
				PRODUCT_NAME = "$(TARGET_NAME)";
				STRING_CATALOG_GENERATE_SYMBOLS = YES;
				SWIFT_APPROACHABLE_CONCURRENCY = YES;
				SWIFT_DEFAULT_ACTOR_ISOLATION = MainActor;
				SWIFT_EMIT_LOC_STRINGS = YES;
				SWIFT_UPCOMING_FEATURE_MEMBER_IMPORT_VISIBILITY = YES;
				SWIFT_VERSION = 5.0;
				TARGETED_DEVICE_FAMILY = "1,2";
			};
			name = Release;
		};
		A07ECA032EC25DA500DC54A9 /* Debug */ = {
			isa = XCBuildConfiguration;
			buildSettings = {
				ALWAYS_SEARCH_USER_PATHS = NO;
				ASSETCATALOG_COMPILER_GENERATE_SWIFT_ASSET_SYMBOL_EXTENSIONS = YES;
				CLANG_ANALYZER_NONNULL = YES;
				CLANG_ANALYZER_NUMBER_OBJECT_CONVERSION = YES_AGGRESSIVE;
				CLANG_CXX_LANGUAGE_STANDARD = "gnu++20";
				CLANG_ENABLE_MODULES = YES;
				CLANG_ENABLE_OBJC_ARC = YES;
				CLANG_ENABLE_OBJC_WEAK = YES;
				CLANG_WARN_BLOCK_CAPTURE_AUTORELEASING = YES;
				CLANG_WARN_BOOL_CONVERSION = YES;
				CLANG_WARN_COMMA = YES;
				CLANG_WARN_CONSTANT_CONVERSION = YES;
				CLANG_WARN_DEPRECATED_OBJC_IMPLEMENTATIONS = YES;
				CLANG_WARN_DIRECT_OBJC_ISA_USAGE = YES_ERROR;
				CLANG_WARN_DOCUMENTATION_COMMENTS = YES;
				CLANG_WARN_EMPTY_BODY = YES;
				CLANG_WARN_ENUM_CONVERSION = YES;
				CLANG_WARN_INFINITE_RECURSION = YES;
				CLANG_WARN_INT_CONVERSION = YES;
				CLANG_WARN_NON_LITERAL_NULL_CONVERSION = YES;
				CLANG_WARN_OBJC_IMPLICIT_RETAIN_SELF = YES;
				CLANG_WARN_OBJC_LITERAL_CONVERSION = YES;
				CLANG_WARN_OBJC_ROOT_CLASS = YES_ERROR;
				CLANG_WARN_QUOTED_INCLUDE_IN_FRAMEWORK_HEADER = YES;
				CLANG_WARN_RANGE_LOOP_ANALYSIS = YES;
				CLANG_WARN_STRICT_PROTOTYPES = YES;
				CLANG_WARN_SUSPICIOUS_MOVE = YES;
				CLANG_WARN_UNGUARDED_AVAILABILITY = YES_AGGRESSIVE;
				CLANG_WARN_UNREACHABLE_CODE = YES;
				CLANG_WARN__DUPLICATE_METHOD_MATCH = YES;
				COPY_PHASE_STRIP = NO;
				DEBUG_INFORMATION_FORMAT = dwarf;
				DEVELOPMENT_TEAM = Q3DG9KU587;
				ENABLE_STRICT_OBJC_MSGSEND = YES;
				ENABLE_TESTABILITY = YES;
				ENABLE_USER_SCRIPT_SANDBOXING = YES;
				GCC_C_LANGUAGE_STANDARD = gnu17;
				GCC_DYNAMIC_NO_PIC = NO;
				GCC_NO_COMMON_BLOCKS = YES;
				GCC_OPTIMIZATION_LEVEL = 0;
				GCC_PREPROCESSOR_DEFINITIONS = (
					"DEBUG=1",
					"$(inherited)",
				);
				GCC_WARN_64_TO_32_BIT_CONVERSION = YES;
				GCC_WARN_ABOUT_RETURN_TYPE = YES_ERROR;
				GCC_WARN_UNDECLARED_SELECTOR = YES;
				GCC_WARN_UNINITIALIZED_AUTOS = YES_AGGRESSIVE;
				GCC_WARN_UNUSED_FUNCTION = YES;
				GCC_WARN_UNUSED_VARIABLE = YES;
				IPHONEOS_DEPLOYMENT_TARGET = 26.1;
				LOCALIZATION_PREFERS_STRING_CATALOGS = YES;
				MTL_ENABLE_DEBUG_INFO = INCLUDE_SOURCE;
				MTL_FAST_MATH = YES;
				ONLY_ACTIVE_ARCH = YES;
				SDKROOT = iphoneos;
				SWIFT_ACTIVE_COMPILATION_CONDITIONS = "DEBUG $(inherited)";
				SWIFT_OPTIMIZATION_LEVEL = "-Onone";
			};
			name = Debug;
		};
		A07ECA042EC25DA500DC54A9 /* Release */ = {
			isa = XCBuildConfiguration;
			buildSettings = {
				ALWAYS_SEARCH_USER_PATHS = NO;
				ASSETCATALOG_COMPILER_GENERATE_SWIFT_ASSET_SYMBOL_EXTENSIONS = YES;
				CLANG_ANALYZER_NONNULL = YES;
				CLANG_ANALYZER_NUMBER_OBJECT_CONVERSION = YES_AGGRESSIVE;
				CLANG_CXX_LANGUAGE_STANDARD = "gnu++20";
				CLANG_ENABLE_MODULES = YES;
				CLANG_ENABLE_OBJC_ARC = YES;
				CLANG_ENABLE_OBJC_WEAK = YES;
				CLANG_WARN_BLOCK_CAPTURE_AUTORELEASING = YES;
				CLANG_WARN_BOOL_CONVERSION = YES;
				CLANG_WARN_COMMA = YES;
				CLANG_WARN_CONSTANT_CONVERSION = YES;
				CLANG_WARN_DEPRECATED_OBJC_IMPLEMENTATIONS = YES;
				CLANG_WARN_DIRECT_OBJC_ISA_USAGE = YES_ERROR;
				CLANG_WARN_DOCUMENTATION_COMMENTS = YES;
				CLANG_WARN_EMPTY_BODY = YES;
				CLANG_WARN_ENUM_CONVERSION = YES;
				CLANG_WARN_INFINITE_RECURSION = YES;
				CLANG_WARN_INT_CONVERSION = YES;
				CLANG_WARN_NON_LITERAL_NULL_CONVERSION = YES;
				CLANG_WARN_OBJC_IMPLICIT_RETAIN_SELF = YES;
				CLANG_WARN_OBJC_LITERAL_CONVERSION = YES;
				CLANG_WARN_OBJC_ROOT_CLASS = YES_ERROR;
				CLANG_WARN_QUOTED_INCLUDE_IN_FRAMEWORK_HEADER = YES;
				CLANG_WARN_RANGE_LOOP_ANALYSIS = YES;
				CLANG_WARN_STRICT_PROTOTYPES = YES;
				CLANG_WARN_SUSPICIOUS_MOVE = YES;
				CLANG_WARN_UNGUARDED_AVAILABILITY = YES_AGGRESSIVE;
				CLANG_WARN_UNREACHABLE_CODE = YES;
				CLANG_WARN__DUPLICATE_METHOD_MATCH = YES;
				COPY_PHASE_STRIP = NO;
				DEBUG_INFORMATION_FORMAT = "dwarf-with-dsym";
				DEVELOPMENT_TEAM = Q3DG9KU587;
				ENABLE_NS_ASSERTIONS = NO;
				ENABLE_STRICT_OBJC_MSGSEND = YES;
				ENABLE_USER_SCRIPT_SANDBOXING = YES;
				GCC_C_LANGUAGE_STANDARD = gnu17;
				GCC_NO_COMMON_BLOCKS = YES;
				GCC_WARN_64_TO_32_BIT_CONVERSION = YES;
				GCC_WARN_ABOUT_RETURN_TYPE = YES_ERROR;
				GCC_WARN_UNDECLARED_SELECTOR = YES;
				GCC_WARN_UNINITIALIZED_AUTOS = YES_AGGRESSIVE;
				GCC_WARN_UNUSED_FUNCTION = YES;
				GCC_WARN_UNUSED_VARIABLE = YES;
				IPHONEOS_DEPLOYMENT_TARGET = 26.1;
				LOCALIZATION_PREFERS_STRING_CATALOGS = YES;
				MTL_ENABLE_DEBUG_INFO = NO;
				MTL_FAST_MATH = YES;
				SDKROOT = iphoneos;
				SWIFT_COMPILATION_MODE = wholemodule;
				VALIDATE_PRODUCT = YES;
			};
			name = Release;
		};
		A07ECA062EC25DA500DC54A9 /* Debug */ = {
			isa = XCBuildConfiguration;
			buildSettings = {
				BUNDLE_LOADER = "$(TEST_HOST)";
				CODE_SIGN_STYLE = Automatic;
				CURRENT_PROJECT_VERSION = 1;
				DEVELOPMENT_TEAM = Q3DG9KU587;
				GENERATE_INFOPLIST_FILE = YES;
				IPHONEOS_DEPLOYMENT_TARGET = 26.1;
				MARKETING_VERSION = 1.0;
				PRODUCT_BUNDLE_IDENTIFIER = "utcs.ChiangLucas-HW8Tests";
				PRODUCT_NAME = "$(TARGET_NAME)";
				STRING_CATALOG_GENERATE_SYMBOLS = NO;
				SWIFT_APPROACHABLE_CONCURRENCY = YES;
				SWIFT_EMIT_LOC_STRINGS = NO;
				SWIFT_UPCOMING_FEATURE_MEMBER_IMPORT_VISIBILITY = YES;
				SWIFT_VERSION = 5.0;
				TARGETED_DEVICE_FAMILY = "1,2";
				TEST_HOST = "$(BUILT_PRODUCTS_DIR)/ChiangLucas-HW8.app/$(BUNDLE_EXECUTABLE_FOLDER_PATH)/ChiangLucas-HW8";
			};
			name = Debug;
		};
		A07ECA072EC25DA500DC54A9 /* Release */ = {
			isa = XCBuildConfiguration;
			buildSettings = {
				BUNDLE_LOADER = "$(TEST_HOST)";
				CODE_SIGN_STYLE = Automatic;
				CURRENT_PROJECT_VERSION = 1;
				DEVELOPMENT_TEAM = Q3DG9KU587;
				GENERATE_INFOPLIST_FILE = YES;
				IPHONEOS_DEPLOYMENT_TARGET = 26.1;
				MARKETING_VERSION = 1.0;
				PRODUCT_BUNDLE_IDENTIFIER = "utcs.ChiangLucas-HW8Tests";
				PRODUCT_NAME = "$(TARGET_NAME)";
				STRING_CATALOG_GENERATE_SYMBOLS = NO;
				SWIFT_APPROACHABLE_CONCURRENCY = YES;
				SWIFT_EMIT_LOC_STRINGS = NO;
				SWIFT_UPCOMING_FEATURE_MEMBER_IMPORT_VISIBILITY = YES;
				SWIFT_VERSION = 5.0;
				TARGETED_DEVICE_FAMILY = "1,2";
				TEST_HOST = "$(BUILT_PRODUCTS_DIR)/ChiangLucas-HW8.app/$(BUNDLE_EXECUTABLE_FOLDER_PATH)/ChiangLucas-HW8";
			};
			name = Release;
		};
		A07ECA092EC25DA500DC54A9 /* Debug */ = {
			isa = XCBuildConfiguration;
			buildSettings = {
				CODE_SIGN_STYLE = Automatic;
				CURRENT_PROJECT_VERSION = 1;
				DEVELOPMENT_TEAM = Q3DG9KU587;
				GENERATE_INFOPLIST_FILE = YES;
				MARKETING_VERSION = 1.0;
				PRODUCT_BUNDLE_IDENTIFIER = "utcs.ChiangLucas-HW8UITests";
				PRODUCT_NAME = "$(TARGET_NAME)";
				STRING_CATALOG_GENERATE_SYMBOLS = NO;
				SWIFT_APPROACHABLE_CONCURRENCY = YES;
				SWIFT_EMIT_LOC_STRINGS = NO;
				SWIFT_UPCOMING_FEATURE_MEMBER_IMPORT_VISIBILITY = YES;
				SWIFT_VERSION = 5.0;
				TARGETED_DEVICE_FAMILY = "1,2";
				TEST_TARGET_NAME = "ChiangLucas-HW8";
			};
			name = Debug;
		};
		A07ECA0A2EC25DA500DC54A9 /* Release */ = {
			isa = XCBuildConfiguration;
			buildSettings = {
				CODE_SIGN_STYLE = Automatic;
				CURRENT_PROJECT_VERSION = 1;
				DEVELOPMENT_TEAM = Q3DG9KU587;
				GENERATE_INFOPLIST_FILE = YES;
				MARKETING_VERSION = 1.0;
				PRODUCT_BUNDLE_IDENTIFIER = "utcs.ChiangLucas-HW8UITests";
				PRODUCT_NAME = "$(TARGET_NAME)";
				STRING_CATALOG_GENERATE_SYMBOLS = NO;
				SWIFT_APPROACHABLE_CONCURRENCY = YES;
				SWIFT_EMIT_LOC_STRINGS = NO;
				SWIFT_UPCOMING_FEATURE_MEMBER_IMPORT_VISIBILITY = YES;
				SWIFT_VERSION = 5.0;
				TARGETED_DEVICE_FAMILY = "1,2";
				TEST_TARGET_NAME = "ChiangLucas-HW8";
			};
			name = Release;
		};
/* End XCBuildConfiguration section */

/* Begin XCConfigurationList section */
		A07EC9D22EC25DA300DC54A9 /* Build configuration list for PBXProject "ChiangLucas-HW8" */ = {
			isa = XCConfigurationList;
			buildConfigurations = (
				A07ECA032EC25DA500DC54A9 /* Debug */,
				A07ECA042EC25DA500DC54A9 /* Release */,
			);
			defaultConfigurationIsVisible = 0;
			defaultConfigurationName = Release;
		};
		A07ECA002EC25DA500DC54A9 /* Build configuration list for PBXNativeTarget "ChiangLucas-HW8" */ = {
			isa = XCConfigurationList;
			buildConfigurations = (
				A07ECA012EC25DA500DC54A9 /* Debug */,
				A07ECA022EC25DA500DC54A9 /* Release */,
			);
			defaultConfigurationIsVisible = 0;
			defaultConfigurationName = Release;
		};
		A07ECA052EC25DA500DC54A9 /* Build configuration list for PBXNativeTarget "ChiangLucas-HW8Tests" */ = {
			isa = XCConfigurationList;
			buildConfigurations = (
				A07ECA062EC25DA500DC54A9 /* Debug */,
				A07ECA072EC25DA500DC54A9 /* Release */,
			);
			defaultConfigurationIsVisible = 0;
			defaultConfigurationName = Release;
		};
		A07ECA082EC25DA500DC54A9 /* Build configuration list for PBXNativeTarget "ChiangLucas-HW8UITests" */ = {
			isa = XCConfigurationList;
			buildConfigurations = (
				A07ECA092EC25DA500DC54A9 /* Debug */,
				A07ECA0A2EC25DA500DC54A9 /* Release */,
			);
			defaultConfigurationIsVisible = 0;
			defaultConfigurationName = Release;
		};
/* End XCConfigurationList section */
	};
	rootObject = A07EC9CF2EC25DA300DC54A9 /* Project object */;
}
